// !$*UTF8*$!
{
	archiveVersion = 1;
	classes = {
	};
	objectVersion = 56;
	objects = {

/* Begin PBXBuildFile section */
		145B6E1F2BE340D600A93EAE /* AppDelegate.swift in Sources */ = {isa = PBXBuildFile; fileRef = 145B6E1E2BE340D600A93EAE /* AppDelegate.swift */; };
		145B6E212BE340D600A93EAE /* SceneDelegate.swift in Sources */ = {isa = PBXBuildFile; fileRef = 145B6E202BE340D600A93EAE /* SceneDelegate.swift */; };
		145B6E232BE340D600A93EAE /* TabViewController.swift in Sources */ = {isa = PBXBuildFile; fileRef = 145B6E222BE340D600A93EAE /* TabViewController.swift */; };
		145B6E282BE340D700A93EAE /* Assets.xcassets in Resources */ = {isa = PBXBuildFile; fileRef = 145B6E272BE340D700A93EAE /* Assets.xcassets */; };
		145B6E2B2BE340D700A93EAE /* Base in Resources */ = {isa = PBXBuildFile; fileRef = 145B6E2A2BE340D700A93EAE /* Base */; };
		145B6E372BE3458600A93EAE /* BookAPIModel.swift in Sources */ = {isa = PBXBuildFile; fileRef = 145B6E362BE3458600A93EAE /* BookAPIModel.swift */; };
		145B6E3A2BE3551C00A93EAE /* WebServices.swift in Sources */ = {isa = PBXBuildFile; fileRef = 145B6E392BE3551C00A93EAE /* WebServices.swift */; };
		145B6E3D2BE3582500A93EAE /* Alamofire in Frameworks */ = {isa = PBXBuildFile; productRef = 145B6E3C2BE3582500A93EAE /* Alamofire */; };
		145B6E3F2BE3582500A93EAE /* AlamofireDynamic in Frameworks */ = {isa = PBXBuildFile; productRef = 145B6E3E2BE3582500A93EAE /* AlamofireDynamic */; };
		145B6E412BE35DE500A93EAE /* SearchBookViewModel.swift in Sources */ = {isa = PBXBuildFile; fileRef = 145B6E402BE35DE500A93EAE /* SearchBookViewModel.swift */; };
		145B6E432BE3656C00A93EAE /* ApiModel.swift in Sources */ = {isa = PBXBuildFile; fileRef = 145B6E422BE3656C00A93EAE /* ApiModel.swift */; };
		145B6E452BE36E5F00A93EAE /* SearchViewController.swift in Sources */ = {isa = PBXBuildFile; fileRef = 145B6E442BE36E5F00A93EAE /* SearchViewController.swift */; };
		145B6E472BE36E7D00A93EAE /* ListViewController.swift in Sources */ = {isa = PBXBuildFile; fileRef = 145B6E462BE36E7D00A93EAE /* ListViewController.swift */; };
		145B6E492BE36EF700A93EAE /* TabViewModel.swift in Sources */ = {isa = PBXBuildFile; fileRef = 145B6E482BE36EF700A93EAE /* TabViewModel.swift */; };
		145B6E4B2BE36F1200A93EAE /* TabModel.swift in Sources */ = {isa = PBXBuildFile; fileRef = 145B6E4A2BE36F1200A93EAE /* TabModel.swift */; };
		145B6E4D2BE37C6A00A93EAE /* Extension.swift in Sources */ = {isa = PBXBuildFile; fileRef = 145B6E4C2BE37C6A00A93EAE /* Extension.swift */; };
		145B6E502BE37EC400A93EAE /* SearchTableViewCell.swift in Sources */ = {isa = PBXBuildFile; fileRef = 145B6E4F2BE37EC400A93EAE /* SearchTableViewCell.swift */; };
		145B6E532BE3805300A93EAE /* SnapKit in Frameworks */ = {isa = PBXBuildFile; productRef = 145B6E522BE3805300A93EAE /* SnapKit */; };
		145B6E552BE3805300A93EAE /* SnapKit-Dynamic in Frameworks */ = {isa = PBXBuildFile; productRef = 145B6E542BE3805300A93EAE /* SnapKit-Dynamic */; };
		145B6E582BE3819600A93EAE /* Kingfisher in Frameworks */ = {isa = PBXBuildFile; productRef = 145B6E572BE3819600A93EAE /* Kingfisher */; };
		145B6E5A2BE47C1F00A93EAE /* SearchTableViewDataSource.swift in Sources */ = {isa = PBXBuildFile; fileRef = 145B6E592BE47C1F00A93EAE /* SearchTableViewDataSource.swift */; };
		145B6E5D2BE4955600A93EAE /* DetailViewController.swift in Sources */ = {isa = PBXBuildFile; fileRef = 145B6E5C2BE4955600A93EAE /* DetailViewController.swift */; };
		145B6E5F2BE4957B00A93EAE /* DetailViewModel.swift in Sources */ = {isa = PBXBuildFile; fileRef = 145B6E5E2BE4957B00A93EAE /* DetailViewModel.swift */; };
/* End PBXBuildFile section */

/* Begin PBXFileReference section */
		145B6E1B2BE340D600A93EAE /* OnlineBookStore.app */ = {isa = PBXFileReference; explicitFileType = wrapper.application; includeInIndex = 0; path = OnlineBookStore.app; sourceTree = BUILT_PRODUCTS_DIR; };
		145B6E1E2BE340D600A93EAE /* AppDelegate.swift */ = {isa = PBXFileReference; lastKnownFileType = sourcecode.swift; path = AppDelegate.swift; sourceTree = "<group>"; };
		145B6E202BE340D600A93EAE /* SceneDelegate.swift */ = {isa = PBXFileReference; lastKnownFileType = sourcecode.swift; path = SceneDelegate.swift; sourceTree = "<group>"; };
		145B6E222BE340D600A93EAE /* TabViewController.swift */ = {isa = PBXFileReference; lastKnownFileType = sourcecode.swift; path = TabViewController.swift; sourceTree = "<group>"; };
		145B6E272BE340D700A93EAE /* Assets.xcassets */ = {isa = PBXFileReference; lastKnownFileType = folder.assetcatalog; path = Assets.xcassets; sourceTree = "<group>"; };
		145B6E2A2BE340D700A93EAE /* Base */ = {isa = PBXFileReference; lastKnownFileType = file.storyboard; name = Base; path = Base.lproj/LaunchScreen.storyboard; sourceTree = "<group>"; };
		145B6E2C2BE340D700A93EAE /* Info.plist */ = {isa = PBXFileReference; lastKnownFileType = text.plist.xml; path = Info.plist; sourceTree = "<group>"; };
		145B6E362BE3458600A93EAE /* BookAPIModel.swift */ = {isa = PBXFileReference; lastKnownFileType = sourcecode.swift; path = BookAPIModel.swift; sourceTree = "<group>"; };
		145B6E392BE3551C00A93EAE /* WebServices.swift */ = {isa = PBXFileReference; lastKnownFileType = sourcecode.swift; path = WebServices.swift; sourceTree = "<group>"; };
		145B6E402BE35DE500A93EAE /* SearchBookViewModel.swift */ = {isa = PBXFileReference; lastKnownFileType = sourcecode.swift; path = SearchBookViewModel.swift; sourceTree = "<group>"; };
		145B6E422BE3656C00A93EAE /* ApiModel.swift */ = {isa = PBXFileReference; lastKnownFileType = sourcecode.swift; path = ApiModel.swift; sourceTree = "<group>"; };
		145B6E442BE36E5F00A93EAE /* SearchViewController.swift */ = {isa = PBXFileReference; lastKnownFileType = sourcecode.swift; path = SearchViewController.swift; sourceTree = "<group>"; };
		145B6E462BE36E7D00A93EAE /* ListViewController.swift */ = {isa = PBXFileReference; lastKnownFileType = sourcecode.swift; path = ListViewController.swift; sourceTree = "<group>"; };
		145B6E482BE36EF700A93EAE /* TabViewModel.swift */ = {isa = PBXFileReference; lastKnownFileType = sourcecode.swift; path = TabViewModel.swift; sourceTree = "<group>"; };
		145B6E4A2BE36F1200A93EAE /* TabModel.swift */ = {isa = PBXFileReference; lastKnownFileType = sourcecode.swift; path = TabModel.swift; sourceTree = "<group>"; };
		145B6E4C2BE37C6A00A93EAE /* Extension.swift */ = {isa = PBXFileReference; lastKnownFileType = sourcecode.swift; path = Extension.swift; sourceTree = "<group>"; };
		145B6E4F2BE37EC400A93EAE /* SearchTableViewCell.swift */ = {isa = PBXFileReference; lastKnownFileType = sourcecode.swift; path = SearchTableViewCell.swift; sourceTree = "<group>"; };
		145B6E592BE47C1F00A93EAE /* SearchTableViewDataSource.swift */ = {isa = PBXFileReference; lastKnownFileType = sourcecode.swift; path = SearchTableViewDataSource.swift; sourceTree = "<group>"; };
		145B6E5C2BE4955600A93EAE /* DetailViewController.swift */ = {isa = PBXFileReference; lastKnownFileType = sourcecode.swift; path = DetailViewController.swift; sourceTree = "<group>"; };
		145B6E5E2BE4957B00A93EAE /* DetailViewModel.swift */ = {isa = PBXFileReference; lastKnownFileType = sourcecode.swift; path = DetailViewModel.swift; sourceTree = "<group>"; };
/* End PBXFileReference section */

/* Begin PBXFrameworksBuildPhase section */
		145B6E182BE340D600A93EAE /* Frameworks */ = {
			isa = PBXFrameworksBuildPhase;
			buildActionMask = 2147483647;
			files = (
				145B6E532BE3805300A93EAE /* SnapKit in Frameworks */,
				145B6E3D2BE3582500A93EAE /* Alamofire in Frameworks */,
				145B6E3F2BE3582500A93EAE /* AlamofireDynamic in Frameworks */,
				145B6E552BE3805300A93EAE /* SnapKit-Dynamic in Frameworks */,
				145B6E582BE3819600A93EAE /* Kingfisher in Frameworks */,
			);
			runOnlyForDeploymentPostprocessing = 0;
		};
/* End PBXFrameworksBuildPhase section */

/* Begin PBXGroup section */
		145B6E122BE340D600A93EAE = {
			isa = PBXGroup;
			children = (
				145B6E1D2BE340D600A93EAE /* OnlineBookStore */,
				145B6E1C2BE340D600A93EAE /* Products */,
			);
			sourceTree = "<group>";
		};
		145B6E1C2BE340D600A93EAE /* Products */ = {
			isa = PBXGroup;
			children = (
				145B6E1B2BE340D600A93EAE /* OnlineBookStore.app */,
			);
			name = Products;
			sourceTree = "<group>";
		};
		145B6E1D2BE340D600A93EAE /* OnlineBookStore */ = {
			isa = PBXGroup;
			children = (
				145B6E5B2BE487A800A93EAE /* SectionItemModel */,
				145B6E4E2BE37EAE00A93EAE /* Cell */,
				145B6E382BE354EF00A93EAE /* Services */,
				145B6E352BE3428700A93EAE /* Util */,
				145B6E342BE3427F00A93EAE /* Model */,
				145B6E332BE3427800A93EAE /* ViewModel */,
				145B6E322BE3426E00A93EAE /* View */,
				145B6E2C2BE340D700A93EAE /* Info.plist */,
				145B6E4C2BE37C6A00A93EAE /* Extension.swift */,
			);
			path = OnlineBookStore;
			sourceTree = "<group>";
		};
		145B6E322BE3426E00A93EAE /* View */ = {
			isa = PBXGroup;
			children = (
				145B6E222BE340D600A93EAE /* TabViewController.swift */,
				145B6E442BE36E5F00A93EAE /* SearchViewController.swift */,
				145B6E462BE36E7D00A93EAE /* ListViewController.swift */,
				145B6E5C2BE4955600A93EAE /* DetailViewController.swift */,
			);
			path = View;
			sourceTree = "<group>";
		};
		145B6E332BE3427800A93EAE /* ViewModel */ = {
			isa = PBXGroup;
			children = (
				145B6E482BE36EF700A93EAE /* TabViewModel.swift */,
				145B6E402BE35DE500A93EAE /* SearchBookViewModel.swift */,
				145B6E5E2BE4957B00A93EAE /* DetailViewModel.swift */,
			);
			path = ViewModel;
			sourceTree = "<group>";
		};
		145B6E342BE3427F00A93EAE /* Model */ = {
			isa = PBXGroup;
			children = (
				145B6E362BE3458600A93EAE /* BookAPIModel.swift */,
				145B6E422BE3656C00A93EAE /* ApiModel.swift */,
				145B6E4A2BE36F1200A93EAE /* TabModel.swift */,
			);
			path = Model;
			sourceTree = "<group>";
		};
		145B6E352BE3428700A93EAE /* Util */ = {
			isa = PBXGroup;
			children = (
				145B6E1E2BE340D600A93EAE /* AppDelegate.swift */,
				145B6E202BE340D600A93EAE /* SceneDelegate.swift */,
				145B6E272BE340D700A93EAE /* Assets.xcassets */,
				145B6E292BE340D700A93EAE /* LaunchScreen.storyboard */,
			);
			path = Util;
			sourceTree = "<group>";
		};
		145B6E382BE354EF00A93EAE /* Services */ = {
			isa = PBXGroup;
			children = (
				145B6E392BE3551C00A93EAE /* WebServices.swift */,
			);
			path = Services;
			sourceTree = "<group>";
		};
		145B6E4E2BE37EAE00A93EAE /* Cell */ = {
			isa = PBXGroup;
			children = (
				145B6E4F2BE37EC400A93EAE /* SearchTableViewCell.swift */,
			);
			path = Cell;
			sourceTree = "<group>";
		};
		145B6E5B2BE487A800A93EAE /* SectionItemModel */ = {
			isa = PBXGroup;
			children = (
				145B6E592BE47C1F00A93EAE /* SearchTableViewDataSource.swift */,
			);
			path = SectionItemModel;
			sourceTree = "<group>";
		};
/* End PBXGroup section */

/* Begin PBXNativeTarget section */
		145B6E1A2BE340D600A93EAE /* OnlineBookStore */ = {
			isa = PBXNativeTarget;
			buildConfigurationList = 145B6E2F2BE340D700A93EAE /* Build configuration list for PBXNativeTarget "OnlineBookStore" */;
			buildPhases = (
				145B6E172BE340D600A93EAE /* Sources */,
				145B6E182BE340D600A93EAE /* Frameworks */,
				145B6E192BE340D600A93EAE /* Resources */,
			);
			buildRules = (
			);
			dependencies = (
			);
			name = OnlineBookStore;
			packageProductDependencies = (
				145B6E3C2BE3582500A93EAE /* Alamofire */,
				145B6E3E2BE3582500A93EAE /* AlamofireDynamic */,
				145B6E522BE3805300A93EAE /* SnapKit */,
				145B6E542BE3805300A93EAE /* SnapKit-Dynamic */,
				145B6E572BE3819600A93EAE /* Kingfisher */,
			);
			productName = OnlineBookStore;
			productReference = 145B6E1B2BE340D600A93EAE /* OnlineBookStore.app */;
			productType = "com.apple.product-type.application";
		};
/* End PBXNativeTarget section */

/* Begin PBXProject section */
		145B6E132BE340D600A93EAE /* Project object */ = {
			isa = PBXProject;
			attributes = {
				BuildIndependentTargetsInParallel = 1;
				LastSwiftUpdateCheck = 1530;
				LastUpgradeCheck = 1530;
				TargetAttributes = {
					145B6E1A2BE340D600A93EAE = {
						CreatedOnToolsVersion = 15.3;
					};
				};
			};
			buildConfigurationList = 145B6E162BE340D600A93EAE /* Build configuration list for PBXProject "OnlineBookStore" */;
			compatibilityVersion = "Xcode 14.0";
			developmentRegion = en;
			hasScannedForEncodings = 0;
			knownRegions = (
				en,
				Base,
			);
			mainGroup = 145B6E122BE340D600A93EAE;
			packageReferences = (
				145B6E3B2BE3582500A93EAE /* XCRemoteSwiftPackageReference "Alamofire" */,
				145B6E512BE3805300A93EAE /* XCRemoteSwiftPackageReference "SnapKit" */,
				145B6E562BE3819600A93EAE /* XCRemoteSwiftPackageReference "Kingfisher" */,
			);
			productRefGroup = 145B6E1C2BE340D600A93EAE /* Products */;
			projectDirPath = "";
			projectRoot = "";
			targets = (
				145B6E1A2BE340D600A93EAE /* OnlineBookStore */,
			);
		};
/* End PBXProject section */

/* Begin PBXResourcesBuildPhase section */
		145B6E192BE340D600A93EAE /* Resources */ = {
			isa = PBXResourcesBuildPhase;
			buildActionMask = 2147483647;
			files = (
				145B6E282BE340D700A93EAE /* Assets.xcassets in Resources */,
				145B6E2B2BE340D700A93EAE /* Base in Resources */,
			);
			runOnlyForDeploymentPostprocessing = 0;
		};
/* End PBXResourcesBuildPhase section */

/* Begin PBXSourcesBuildPhase section */
		145B6E172BE340D600A93EAE /* Sources */ = {
			isa = PBXSourcesBuildPhase;
			buildActionMask = 2147483647;
			files = (
				145B6E232BE340D600A93EAE /* TabViewController.swift in Sources */,
				145B6E432BE3656C00A93EAE /* ApiModel.swift in Sources */,
				145B6E4B2BE36F1200A93EAE /* TabModel.swift in Sources */,
				145B6E4D2BE37C6A00A93EAE /* Extension.swift in Sources */,
				145B6E452BE36E5F00A93EAE /* SearchViewController.swift in Sources */,
				145B6E3A2BE3551C00A93EAE /* WebServices.swift in Sources */,
				145B6E492BE36EF700A93EAE /* TabViewModel.swift in Sources */,
				145B6E1F2BE340D600A93EAE /* AppDelegate.swift in Sources */,
				145B6E5A2BE47C1F00A93EAE /* SearchTableViewDataSource.swift in Sources */,
				145B6E502BE37EC400A93EAE /* SearchTableViewCell.swift in Sources */,
				145B6E472BE36E7D00A93EAE /* ListViewController.swift in Sources */,
				145B6E412BE35DE500A93EAE /* SearchBookViewModel.swift in Sources */,
				145B6E5D2BE4955600A93EAE /* DetailViewController.swift in Sources */,
				145B6E212BE340D600A93EAE /* SceneDelegate.swift in Sources */,
				145B6E372BE3458600A93EAE /* BookAPIModel.swift in Sources */,
				145B6E5F2BE4957B00A93EAE /* DetailViewModel.swift in Sources */,
			);
			runOnlyForDeploymentPostprocessing = 0;
		};
/* End PBXSourcesBuildPhase section */

/* Begin PBXVariantGroup section */
		145B6E292BE340D700A93EAE /* LaunchScreen.storyboard */ = {
			isa = PBXVariantGroup;
			children = (
				145B6E2A2BE340D700A93EAE /* Base */,
			);
			name = LaunchScreen.storyboard;
			sourceTree = "<group>";
		};
/* End PBXVariantGroup section */

/* Begin XCBuildConfiguration section */
		145B6E2D2BE340D700A93EAE /* Debug */ = {
			isa = XCBuildConfiguration;
			buildSettings = {
				ALWAYS_SEARCH_USER_PATHS = NO;
				ASSETCATALOG_COMPILER_GENERATE_SWIFT_ASSET_SYMBOL_EXTENSIONS = YES;
				CLANG_ANALYZER_NONNULL = YES;
				CLANG_ANALYZER_NUMBER_OBJECT_CONVERSION = YES_AGGRESSIVE;
				CLANG_CXX_LANGUAGE_STANDARD = "gnu++20";
				CLANG_ENABLE_MODULES = YES;
				CLANG_ENABLE_OBJC_ARC = YES;
				CLANG_ENABLE_OBJC_WEAK = YES;
				CLANG_WARN_BLOCK_CAPTURE_AUTORELEASING = YES;
				CLANG_WARN_BOOL_CONVERSION = YES;
				CLANG_WARN_COMMA = YES;
				CLANG_WARN_CONSTANT_CONVERSION = YES;
				CLANG_WARN_DEPRECATED_OBJC_IMPLEMENTATIONS = YES;
				CLANG_WARN_DIRECT_OBJC_ISA_USAGE = YES_ERROR;
				CLANG_WARN_DOCUMENTATION_COMMENTS = YES;
				CLANG_WARN_EMPTY_BODY = YES;
				CLANG_WARN_ENUM_CONVERSION = YES;
				CLANG_WARN_INFINITE_RECURSION = YES;
				CLANG_WARN_INT_CONVERSION = YES;
				CLANG_WARN_NON_LITERAL_NULL_CONVERSION = YES;
				CLANG_WARN_OBJC_IMPLICIT_RETAIN_SELF = YES;
				CLANG_WARN_OBJC_LITERAL_CONVERSION = YES;
				CLANG_WARN_OBJC_ROOT_CLASS = YES_ERROR;
				CLANG_WARN_QUOTED_INCLUDE_IN_FRAMEWORK_HEADER = YES;
				CLANG_WARN_RANGE_LOOP_ANALYSIS = YES;
				CLANG_WARN_STRICT_PROTOTYPES = YES;
				CLANG_WARN_SUSPICIOUS_MOVE = YES;
				CLANG_WARN_UNGUARDED_AVAILABILITY = YES_AGGRESSIVE;
				CLANG_WARN_UNREACHABLE_CODE = YES;
				CLANG_WARN__DUPLICATE_METHOD_MATCH = YES;
				COPY_PHASE_STRIP = NO;
				DEBUG_INFORMATION_FORMAT = dwarf;
				ENABLE_STRICT_OBJC_MSGSEND = YES;
				ENABLE_TESTABILITY = YES;
				ENABLE_USER_SCRIPT_SANDBOXING = YES;
				GCC_C_LANGUAGE_STANDARD = gnu17;
				GCC_DYNAMIC_NO_PIC = NO;
				GCC_NO_COMMON_BLOCKS = YES;
				GCC_OPTIMIZATION_LEVEL = 0;
				GCC_PREPROCESSOR_DEFINITIONS = (
					"DEBUG=1",
					"$(inherited)",
				);
				GCC_WARN_64_TO_32_BIT_CONVERSION = YES;
				GCC_WARN_ABOUT_RETURN_TYPE = YES_ERROR;
				GCC_WARN_UNDECLARED_SELECTOR = YES;
				GCC_WARN_UNINITIALIZED_AUTOS = YES_AGGRESSIVE;
				GCC_WARN_UNUSED_FUNCTION = YES;
				GCC_WARN_UNUSED_VARIABLE = YES;
				IPHONEOS_DEPLOYMENT_TARGET = 17.4;
				LOCALIZATION_PREFERS_STRING_CATALOGS = YES;
				MTL_ENABLE_DEBUG_INFO = INCLUDE_SOURCE;
				MTL_FAST_MATH = YES;
				ONLY_ACTIVE_ARCH = YES;
				SDKROOT = iphoneos;
				SWIFT_ACTIVE_COMPILATION_CONDITIONS = "DEBUG $(inherited)";
				SWIFT_OPTIMIZATION_LEVEL = "-Onone";
			};
			name = Debug;
		};
		145B6E2E2BE340D700A93EAE /* Release */ = {
			isa = XCBuildConfiguration;
			buildSettings = {
				ALWAYS_SEARCH_USER_PATHS = NO;
				ASSETCATALOG_COMPILER_GENERATE_SWIFT_ASSET_SYMBOL_EXTENSIONS = YES;
				CLANG_ANALYZER_NONNULL = YES;
				CLANG_ANALYZER_NUMBER_OBJECT_CONVERSION = YES_AGGRESSIVE;
				CLANG_CXX_LANGUAGE_STANDARD = "gnu++20";
				CLANG_ENABLE_MODULES = YES;
				CLANG_ENABLE_OBJC_ARC = YES;
				CLANG_ENABLE_OBJC_WEAK = YES;
				CLANG_WARN_BLOCK_CAPTURE_AUTORELEASING = YES;
				CLANG_WARN_BOOL_CONVERSION = YES;
				CLANG_WARN_COMMA = YES;
				CLANG_WARN_CONSTANT_CONVERSION = YES;
				CLANG_WARN_DEPRECATED_OBJC_IMPLEMENTATIONS = YES;
				CLANG_WARN_DIRECT_OBJC_ISA_USAGE = YES_ERROR;
				CLANG_WARN_DOCUMENTATION_COMMENTS = YES;
				CLANG_WARN_EMPTY_BODY = YES;
				CLANG_WARN_ENUM_CONVERSION = YES;
				CLANG_WARN_INFINITE_RECURSION = YES;
				CLANG_WARN_INT_CONVERSION = YES;
				CLANG_WARN_NON_LITERAL_NULL_CONVERSION = YES;
				CLANG_WARN_OBJC_IMPLICIT_RETAIN_SELF = YES;
				CLANG_WARN_OBJC_LITERAL_CONVERSION = YES;
				CLANG_WARN_OBJC_ROOT_CLASS = YES_ERROR;
				CLANG_WARN_QUOTED_INCLUDE_IN_FRAMEWORK_HEADER = YES;
				CLANG_WARN_RANGE_LOOP_ANALYSIS = YES;
				CLANG_WARN_STRICT_PROTOTYPES = YES;
				CLANG_WARN_SUSPICIOUS_MOVE = YES;
				CLANG_WARN_UNGUARDED_AVAILABILITY = YES_AGGRESSIVE;
				CLANG_WARN_UNREACHABLE_CODE = YES;
				CLANG_WARN__DUPLICATE_METHOD_MATCH = YES;
				COPY_PHASE_STRIP = NO;
				DEBUG_INFORMATION_FORMAT = "dwarf-with-dsym";
				ENABLE_NS_ASSERTIONS = NO;
				ENABLE_STRICT_OBJC_MSGSEND = YES;
				ENABLE_USER_SCRIPT_SANDBOXING = YES;
				GCC_C_LANGUAGE_STANDARD = gnu17;
				GCC_NO_COMMON_BLOCKS = YES;
				GCC_WARN_64_TO_32_BIT_CONVERSION = YES;
				GCC_WARN_ABOUT_RETURN_TYPE = YES_ERROR;
				GCC_WARN_UNDECLARED_SELECTOR = YES;
				GCC_WARN_UNINITIALIZED_AUTOS = YES_AGGRESSIVE;
				GCC_WARN_UNUSED_FUNCTION = YES;
				GCC_WARN_UNUSED_VARIABLE = YES;
				IPHONEOS_DEPLOYMENT_TARGET = 17.4;
				LOCALIZATION_PREFERS_STRING_CATALOGS = YES;
				MTL_ENABLE_DEBUG_INFO = NO;
				MTL_FAST_MATH = YES;
				SDKROOT = iphoneos;
				SWIFT_COMPILATION_MODE = wholemodule;
				VALIDATE_PRODUCT = YES;
			};
			name = Release;
		};
		145B6E302BE340D700A93EAE /* Debug */ = {
			isa = XCBuildConfiguration;
			buildSettings = {
				ASSETCATALOG_COMPILER_APPICON_NAME = AppIcon;
				ASSETCATALOG_COMPILER_GLOBAL_ACCENT_COLOR_NAME = AccentColor;
				CODE_SIGN_STYLE = Automatic;
				CURRENT_PROJECT_VERSION = 1;
				DEVELOPMENT_TEAM = 27X8924SNC;
				GENERATE_INFOPLIST_FILE = YES;
				INFOPLIST_FILE = OnlineBookStore/Info.plist;
				INFOPLIST_KEY_UIApplicationSupportsIndirectInputEvents = YES;
				INFOPLIST_KEY_UILaunchStoryboardName = LaunchScreen;
				INFOPLIST_KEY_UISupportedInterfaceOrientations_iPad = "UIInterfaceOrientationPortrait UIInterfaceOrientationPortraitUpsideDown UIInterfaceOrientationLandscapeLeft UIInterfaceOrientationLandscapeRight";
				INFOPLIST_KEY_UISupportedInterfaceOrientations_iPhone = "UIInterfaceOrientationPortrait UIInterfaceOrientationLandscapeLeft UIInterfaceOrientationLandscapeRight";
				LD_RUNPATH_SEARCH_PATHS = (
					"$(inherited)",
					"@executable_path/Frameworks",
				);
				MARKETING_VERSION = 1.0;
				PRODUCT_BUNDLE_IDENTIFIER = com.seungwon.OnlineBookStore;
				PRODUCT_NAME = "$(TARGET_NAME)";
				SWIFT_EMIT_LOC_STRINGS = YES;
				SWIFT_VERSION = 5.0;
				TARGETED_DEVICE_FAMILY = "1,2";
			};
			name = Debug;
		};
		145B6E312BE340D700A93EAE /* Release */ = {
			isa = XCBuildConfiguration;
			buildSettings = {
				ASSETCATALOG_COMPILER_APPICON_NAME = AppIcon;
				ASSETCATALOG_COMPILER_GLOBAL_ACCENT_COLOR_NAME = AccentColor;
				CODE_SIGN_STYLE = Automatic;
				CURRENT_PROJECT_VERSION = 1;
				DEVELOPMENT_TEAM = 27X8924SNC;
				GENERATE_INFOPLIST_FILE = YES;
				INFOPLIST_FILE = OnlineBookStore/Info.plist;
				INFOPLIST_KEY_UIApplicationSupportsIndirectInputEvents = YES;
				INFOPLIST_KEY_UILaunchStoryboardName = LaunchScreen;
				INFOPLIST_KEY_UISupportedInterfaceOrientations_iPad = "UIInterfaceOrientationPortrait UIInterfaceOrientationPortraitUpsideDown UIInterfaceOrientationLandscapeLeft UIInterfaceOrientationLandscapeRight";
				INFOPLIST_KEY_UISupportedInterfaceOrientations_iPhone = "UIInterfaceOrientationPortrait UIInterfaceOrientationLandscapeLeft UIInterfaceOrientationLandscapeRight";
				LD_RUNPATH_SEARCH_PATHS = (
					"$(inherited)",
					"@executable_path/Frameworks",
				);
				MARKETING_VERSION = 1.0;
				PRODUCT_BUNDLE_IDENTIFIER = com.seungwon.OnlineBookStore;
				PRODUCT_NAME = "$(TARGET_NAME)";
				SWIFT_EMIT_LOC_STRINGS = YES;
				SWIFT_VERSION = 5.0;
				TARGETED_DEVICE_FAMILY = "1,2";
			};
			name = Release;
		};
/* End XCBuildConfiguration section */

/* Begin XCConfigurationList section */
		145B6E162BE340D600A93EAE /* Build configuration list for PBXProject "OnlineBookStore" */ = {
			isa = XCConfigurationList;
			buildConfigurations = (
				145B6E2D2BE340D700A93EAE /* Debug */,
				145B6E2E2BE340D700A93EAE /* Release */,
			);
			defaultConfigurationIsVisible = 0;
			defaultConfigurationName = Release;
		};
		145B6E2F2BE340D700A93EAE /* Build configuration list for PBXNativeTarget "OnlineBookStore" */ = {
			isa = XCConfigurationList;
			buildConfigurations = (
				145B6E302BE340D700A93EAE /* Debug */,
				145B6E312BE340D700A93EAE /* Release */,
			);
			defaultConfigurationIsVisible = 0;
			defaultConfigurationName = Release;
		};
/* End XCConfigurationList section */

/* Begin XCRemoteSwiftPackageReference section */
		145B6E3B2BE3582500A93EAE /* XCRemoteSwiftPackageReference "Alamofire" */ = {
			isa = XCRemoteSwiftPackageReference;
			repositoryURL = "https://github.com/Alamofire/Alamofire";
			requirement = {
				kind = upToNextMajorVersion;
				minimumVersion = 5.9.1;
			};
		};
		145B6E512BE3805300A93EAE /* XCRemoteSwiftPackageReference "SnapKit" */ = {
			isa = XCRemoteSwiftPackageReference;
			repositoryURL = "https://github.com/SnapKit/SnapKit.git";
			requirement = {
				kind = upToNextMajorVersion;
				minimumVersion = 5.7.1;
			};
		};
		145B6E562BE3819600A93EAE /* XCRemoteSwiftPackageReference "Kingfisher" */ = {
			isa = XCRemoteSwiftPackageReference;
			repositoryURL = "https://github.com/onevcat/Kingfisher.git";
			requirement = {
				kind = upToNextMajorVersion;
				minimumVersion = 7.11.0;
			};
		};
/* End XCRemoteSwiftPackageReference section */

/* Begin XCSwiftPackageProductDependency section */
		145B6E3C2BE3582500A93EAE /* Alamofire */ = {
			isa = XCSwiftPackageProductDependency;
			package = 145B6E3B2BE3582500A93EAE /* XCRemoteSwiftPackageReference "Alamofire" */;
			productName = Alamofire;
		};
		145B6E3E2BE3582500A93EAE /* AlamofireDynamic */ = {
			isa = XCSwiftPackageProductDependency;
			package = 145B6E3B2BE3582500A93EAE /* XCRemoteSwiftPackageReference "Alamofire" */;
			productName = AlamofireDynamic;
		};
		145B6E522BE3805300A93EAE /* SnapKit */ = {
			isa = XCSwiftPackageProductDependency;
			package = 145B6E512BE3805300A93EAE /* XCRemoteSwiftPackageReference "SnapKit" */;
			productName = SnapKit;
		};
		145B6E542BE3805300A93EAE /* SnapKit-Dynamic */ = {
			isa = XCSwiftPackageProductDependency;
			package = 145B6E512BE3805300A93EAE /* XCRemoteSwiftPackageReference "SnapKit" */;
			productName = "SnapKit-Dynamic";
		};
		145B6E572BE3819600A93EAE /* Kingfisher */ = {
			isa = XCSwiftPackageProductDependency;
			package = 145B6E562BE3819600A93EAE /* XCRemoteSwiftPackageReference "Kingfisher" */;
			productName = Kingfisher;
		};
/* End XCSwiftPackageProductDependency section */
	};
	rootObject = 145B6E132BE340D600A93EAE /* Project object */;
}
