// !$*UTF8*$!
{
	archiveVersion = 1;
	classes = {
	};
	objectVersion = 56;
	objects = {

/* Begin PBXBuildFile section */
		148EDE122BBBB8960051E8D6 /* AppDelegate.swift in Sources */ = {isa = PBXBuildFile; fileRef = 148EDE112BBBB8960051E8D6 /* AppDelegate.swift */; };
		148EDE142BBBB8960051E8D6 /* SceneDelegate.swift in Sources */ = {isa = PBXBuildFile; fileRef = 148EDE132BBBB8960051E8D6 /* SceneDelegate.swift */; };
		148EDE162BBBB8960051E8D6 /* ViewController.swift in Sources */ = {isa = PBXBuildFile; fileRef = 148EDE152BBBB8960051E8D6 /* ViewController.swift */; };
		148EDE192BBBB8960051E8D6 /* Base in Resources */ = {isa = PBXBuildFile; fileRef = 148EDE182BBBB8960051E8D6 /* Base */; };
		148EDE1B2BBBB8970051E8D6 /* Assets.xcassets in Resources */ = {isa = PBXBuildFile; fileRef = 148EDE1A2BBBB8970051E8D6 /* Assets.xcassets */; };
		148EDE1E2BBBB8970051E8D6 /* Base in Resources */ = {isa = PBXBuildFile; fileRef = 148EDE1D2BBBB8970051E8D6 /* Base */; };
		148EDE292BBBB8980051E8D6 /* CollectionViewTests.swift in Sources */ = {isa = PBXBuildFile; fileRef = 148EDE282BBBB8980051E8D6 /* CollectionViewTests.swift */; };
		148EDE332BBBB8980051E8D6 /* CollectionViewUITests.swift in Sources */ = {isa = PBXBuildFile; fileRef = 148EDE322BBBB8980051E8D6 /* CollectionViewUITests.swift */; };
		148EDE352BBBB8980051E8D6 /* CollectionViewUITestsLaunchTests.swift in Sources */ = {isa = PBXBuildFile; fileRef = 148EDE342BBBB8980051E8D6 /* CollectionViewUITestsLaunchTests.swift */; };
		148EDE432BBBBC1B0051E8D6 /* CollectionViewCell.swift in Sources */ = {isa = PBXBuildFile; fileRef = 148EDE412BBBBC1B0051E8D6 /* CollectionViewCell.swift */; };
		148EDE442BBBBC1B0051E8D6 /* CollectionViewCell.xib in Resources */ = {isa = PBXBuildFile; fileRef = 148EDE422BBBBC1B0051E8D6 /* CollectionViewCell.xib */; };
		148EDE462BBBBE3F0051E8D6 /* Coffee.swift in Sources */ = {isa = PBXBuildFile; fileRef = 148EDE452BBBBE3F0051E8D6 /* Coffee.swift */; };
		148EDE4C2BBBCA020051E8D6 /* BRB.ttf in Resources */ = {isa = PBXBuildFile; fileRef = 148EDE482BBBCA020051E8D6 /* BRB.ttf */; };
		148EDE4E2BBBCA020051E8D6 /* BRR.ttf in Resources */ = {isa = PBXBuildFile; fileRef = 148EDE4A2BBBCA020051E8D6 /* BRR.ttf */; };
/* End PBXBuildFile section */

/* Begin PBXContainerItemProxy section */
		148EDE252BBBB8980051E8D6 /* PBXContainerItemProxy */ = {
			isa = PBXContainerItemProxy;
			containerPortal = 148EDE062BBBB8960051E8D6 /* Project object */;
			proxyType = 1;
			remoteGlobalIDString = 148EDE0D2BBBB8960051E8D6;
			remoteInfo = CollectionView;
		};
		148EDE2F2BBBB8980051E8D6 /* PBXContainerItemProxy */ = {
			isa = PBXContainerItemProxy;
			containerPortal = 148EDE062BBBB8960051E8D6 /* Project object */;
			proxyType = 1;
			remoteGlobalIDString = 148EDE0D2BBBB8960051E8D6;
			remoteInfo = CollectionView;
		};
/* End PBXContainerItemProxy section */

/* Begin PBXFileReference section */
		148EDE0E2BBBB8960051E8D6 /* CollectionView.app */ = {isa = PBXFileReference; explicitFileType = wrapper.application; includeInIndex = 0; path = CollectionView.app; sourceTree = BUILT_PRODUCTS_DIR; };
		148EDE112BBBB8960051E8D6 /* AppDelegate.swift */ = {isa = PBXFileReference; lastKnownFileType = sourcecode.swift; path = AppDelegate.swift; sourceTree = "<group>"; };
		148EDE132BBBB8960051E8D6 /* SceneDelegate.swift */ = {isa = PBXFileReference; lastKnownFileType = sourcecode.swift; path = SceneDelegate.swift; sourceTree = "<group>"; };
		148EDE152BBBB8960051E8D6 /* ViewController.swift */ = {isa = PBXFileReference; lastKnownFileType = sourcecode.swift; path = ViewController.swift; sourceTree = "<group>"; };
		148EDE182BBBB8960051E8D6 /* Base */ = {isa = PBXFileReference; lastKnownFileType = file.storyboard; name = Base; path = Base.lproj/Main.storyboard; sourceTree = "<group>"; };
		148EDE1A2BBBB8970051E8D6 /* Assets.xcassets */ = {isa = PBXFileReference; lastKnownFileType = folder.assetcatalog; path = Assets.xcassets; sourceTree = "<group>"; };
		148EDE1D2BBBB8970051E8D6 /* Base */ = {isa = PBXFileReference; lastKnownFileType = file.storyboard; name = Base; path = Base.lproj/LaunchScreen.storyboard; sourceTree = "<group>"; };
		148EDE1F2BBBB8970051E8D6 /* Info.plist */ = {isa = PBXFileReference; lastKnownFileType = text.plist.xml; path = Info.plist; sourceTree = "<group>"; };
		148EDE242BBBB8980051E8D6 /* CollectionViewTests.xctest */ = {isa = PBXFileReference; explicitFileType = wrapper.cfbundle; includeInIndex = 0; path = CollectionViewTests.xctest; sourceTree = BUILT_PRODUCTS_DIR; };
		148EDE282BBBB8980051E8D6 /* CollectionViewTests.swift */ = {isa = PBXFileReference; lastKnownFileType = sourcecode.swift; path = CollectionViewTests.swift; sourceTree = "<group>"; };
		148EDE2E2BBBB8980051E8D6 /* CollectionViewUITests.xctest */ = {isa = PBXFileReference; explicitFileType = wrapper.cfbundle; includeInIndex = 0; path = CollectionViewUITests.xctest; sourceTree = BUILT_PRODUCTS_DIR; };
		148EDE322BBBB8980051E8D6 /* CollectionViewUITests.swift */ = {isa = PBXFileReference; lastKnownFileType = sourcecode.swift; path = CollectionViewUITests.swift; sourceTree = "<group>"; };
		148EDE342BBBB8980051E8D6 /* CollectionViewUITestsLaunchTests.swift */ = {isa = PBXFileReference; lastKnownFileType = sourcecode.swift; path = CollectionViewUITestsLaunchTests.swift; sourceTree = "<group>"; };
		148EDE412BBBBC1B0051E8D6 /* CollectionViewCell.swift */ = {isa = PBXFileReference; lastKnownFileType = sourcecode.swift; path = CollectionViewCell.swift; sourceTree = "<group>"; };
		148EDE422BBBBC1B0051E8D6 /* CollectionViewCell.xib */ = {isa = PBXFileReference; lastKnownFileType = file.xib; path = CollectionViewCell.xib; sourceTree = "<group>"; };
		148EDE452BBBBE3F0051E8D6 /* Coffee.swift */ = {isa = PBXFileReference; lastKnownFileType = sourcecode.swift; path = Coffee.swift; sourceTree = "<group>"; };
		148EDE472BBBCA020051E8D6 /* en */ = {isa = PBXFileReference; lastKnownFileType = file; name = en; path = en.lproj/BRB.ttf; sourceTree = "<group>"; };
		148EDE4A2BBBCA020051E8D6 /* BRR.ttf */ = {isa = PBXFileReference; lastKnownFileType = file; path = BRR.ttf; sourceTree = "<group>"; };
/* End PBXFileReference section */

/* Begin PBXFrameworksBuildPhase section */
		148EDE0B2BBBB8960051E8D6 /* Frameworks */ = {
			isa = PBXFrameworksBuildPhase;
			buildActionMask = 2147483647;
			files = (
			);
			runOnlyForDeploymentPostprocessing = 0;
		};
		148EDE212BBBB8980051E8D6 /* Frameworks */ = {
			isa = PBXFrameworksBuildPhase;
			buildActionMask = 2147483647;
			files = (
			);
			runOnlyForDeploymentPostprocessing = 0;
		};
		148EDE2B2BBBB8980051E8D6 /* Frameworks */ = {
			isa = PBXFrameworksBuildPhase;
			buildActionMask = 2147483647;
			files = (
			);
			runOnlyForDeploymentPostprocessing = 0;
		};
/* End PBXFrameworksBuildPhase section */

/* Begin PBXGroup section */
		148EDE052BBBB8960051E8D6 = {
			isa = PBXGroup;
			children = (
				148EDE102BBBB8960051E8D6 /* CollectionView */,
				148EDE272BBBB8980051E8D6 /* CollectionViewTests */,
				148EDE312BBBB8980051E8D6 /* CollectionViewUITests */,
				148EDE0F2BBBB8960051E8D6 /* Products */,
			);
			sourceTree = "<group>";
		};
		148EDE0F2BBBB8960051E8D6 /* Products */ = {
			isa = PBXGroup;
			children = (
				148EDE0E2BBBB8960051E8D6 /* CollectionView.app */,
				148EDE242BBBB8980051E8D6 /* CollectionViewTests.xctest */,
				148EDE2E2BBBB8980051E8D6 /* CollectionViewUITests.xctest */,
			);
			name = Products;
			sourceTree = "<group>";
		};
		148EDE102BBBB8960051E8D6 /* CollectionView */ = {
			isa = PBXGroup;
			children = (
				148EDE4B2BBBCA020051E8D6 /* Font */,
				148EDE112BBBB8960051E8D6 /* AppDelegate.swift */,
				148EDE132BBBB8960051E8D6 /* SceneDelegate.swift */,
				148EDE152BBBB8960051E8D6 /* ViewController.swift */,
				148EDE172BBBB8960051E8D6 /* Main.storyboard */,
				148EDE1A2BBBB8970051E8D6 /* Assets.xcassets */,
				148EDE1C2BBBB8970051E8D6 /* LaunchScreen.storyboard */,
				148EDE1F2BBBB8970051E8D6 /* Info.plist */,
				148EDE412BBBBC1B0051E8D6 /* CollectionViewCell.swift */,
				148EDE452BBBBE3F0051E8D6 /* Coffee.swift */,
				148EDE422BBBBC1B0051E8D6 /* CollectionViewCell.xib */,
			);
			path = CollectionView;
			sourceTree = "<group>";
		};
		148EDE272BBBB8980051E8D6 /* CollectionViewTests */ = {
			isa = PBXGroup;
			children = (
				148EDE282BBBB8980051E8D6 /* CollectionViewTests.swift */,
			);
			path = CollectionViewTests;
			sourceTree = "<group>";
		};
		148EDE312BBBB8980051E8D6 /* CollectionViewUITests */ = {
			isa = PBXGroup;
			children = (
				148EDE322BBBB8980051E8D6 /* CollectionViewUITests.swift */,
				148EDE342BBBB8980051E8D6 /* CollectionViewUITestsLaunchTests.swift */,
			);
			path = CollectionViewUITests;
			sourceTree = "<group>";
		};
		148EDE4B2BBBCA020051E8D6 /* Font */ = {
			isa = PBXGroup;
			children = (
				148EDE482BBBCA020051E8D6 /* BRB.ttf */,
				148EDE4A2BBBCA020051E8D6 /* BRR.ttf */,
			);
			path = Font;
			sourceTree = "<group>";
		};
/* End PBXGroup section */

/* Begin PBXNativeTarget section */
		148EDE0D2BBBB8960051E8D6 /* CollectionView */ = {
			isa = PBXNativeTarget;
			buildConfigurationList = 148EDE382BBBB8980051E8D6 /* Build configuration list for PBXNativeTarget "CollectionView" */;
			buildPhases = (
				148EDE0A2BBBB8960051E8D6 /* Sources */,
				148EDE0B2BBBB8960051E8D6 /* Frameworks */,
				148EDE0C2BBBB8960051E8D6 /* Resources */,
			);
			buildRules = (
			);
			dependencies = (
			);
			name = CollectionView;
			productName = CollectionView;
			productReference = 148EDE0E2BBBB8960051E8D6 /* CollectionView.app */;
			productType = "com.apple.product-type.application";
		};
		148EDE232BBBB8980051E8D6 /* CollectionViewTests */ = {
			isa = PBXNativeTarget;
			buildConfigurationList = 148EDE3B2BBBB8980051E8D6 /* Build configuration list for PBXNativeTarget "CollectionViewTests" */;
			buildPhases = (
				148EDE202BBBB8980051E8D6 /* Sources */,
				148EDE212BBBB8980051E8D6 /* Frameworks */,
				148EDE222BBBB8980051E8D6 /* Resources */,
			);
			buildRules = (
			);
			dependencies = (
				148EDE262BBBB8980051E8D6 /* PBXTargetDependency */,
			);
			name = CollectionViewTests;
			productName = CollectionViewTests;
			productReference = 148EDE242BBBB8980051E8D6 /* CollectionViewTests.xctest */;
			productType = "com.apple.product-type.bundle.unit-test";
		};
		148EDE2D2BBBB8980051E8D6 /* CollectionViewUITests */ = {
			isa = PBXNativeTarget;
			buildConfigurationList = 148EDE3E2BBBB8980051E8D6 /* Build configuration list for PBXNativeTarget "CollectionViewUITests" */;
			buildPhases = (
				148EDE2A2BBBB8980051E8D6 /* Sources */,
				148EDE2B2BBBB8980051E8D6 /* Frameworks */,
				148EDE2C2BBBB8980051E8D6 /* Resources */,
			);
			buildRules = (
			);
			dependencies = (
				148EDE302BBBB8980051E8D6 /* PBXTargetDependency */,
			);
			name = CollectionViewUITests;
			productName = CollectionViewUITests;
			productReference = 148EDE2E2BBBB8980051E8D6 /* CollectionViewUITests.xctest */;
			productType = "com.apple.product-type.bundle.ui-testing";
		};
/* End PBXNativeTarget section */

/* Begin PBXProject section */
		148EDE062BBBB8960051E8D6 /* Project object */ = {
			isa = PBXProject;
			attributes = {
				BuildIndependentTargetsInParallel = 1;
				LastSwiftUpdateCheck = 1530;
				LastUpgradeCheck = 1530;
				TargetAttributes = {
					148EDE0D2BBBB8960051E8D6 = {
						CreatedOnToolsVersion = 15.3;
					};
					148EDE232BBBB8980051E8D6 = {
						CreatedOnToolsVersion = 15.3;
						TestTargetID = 148EDE0D2BBBB8960051E8D6;
					};
					148EDE2D2BBBB8980051E8D6 = {
						CreatedOnToolsVersion = 15.3;
						TestTargetID = 148EDE0D2BBBB8960051E8D6;
					};
				};
			};
			buildConfigurationList = 148EDE092BBBB8960051E8D6 /* Build configuration list for PBXProject "CollectionView" */;
			compatibilityVersion = "Xcode 14.0";
			developmentRegion = en;
			hasScannedForEncodings = 0;
			knownRegions = (
				en,
				Base,
			);
			mainGroup = 148EDE052BBBB8960051E8D6;
			productRefGroup = 148EDE0F2BBBB8960051E8D6 /* Products */;
			projectDirPath = "";
			projectRoot = "";
			targets = (
				148EDE0D2BBBB8960051E8D6 /* CollectionView */,
				148EDE232BBBB8980051E8D6 /* CollectionViewTests */,
				148EDE2D2BBBB8980051E8D6 /* CollectionViewUITests */,
			);
		};
/* End PBXProject section */

/* Begin PBXResourcesBuildPhase section */
		148EDE0C2BBBB8960051E8D6 /* Resources */ = {
			isa = PBXResourcesBuildPhase;
			buildActionMask = 2147483647;
			files = (
				148EDE1B2BBBB8970051E8D6 /* Assets.xcassets in Resources */,
				148EDE1E2BBBB8970051E8D6 /* Base in Resources */,
				148EDE4C2BBBCA020051E8D6 /* BRB.ttf in Resources */,
				148EDE4E2BBBCA020051E8D6 /* BRR.ttf in Resources */,
				148EDE442BBBBC1B0051E8D6 /* CollectionViewCell.xib in Resources */,
				148EDE192BBBB8960051E8D6 /* Base in Resources */,
			);
			runOnlyForDeploymentPostprocessing = 0;
		};
		148EDE222BBBB8980051E8D6 /* Resources */ = {
			isa = PBXResourcesBuildPhase;
			buildActionMask = 2147483647;
			files = (
			);
			runOnlyForDeploymentPostprocessing = 0;
		};
		148EDE2C2BBBB8980051E8D6 /* Resources */ = {
			isa = PBXResourcesBuildPhase;
			buildActionMask = 2147483647;
			files = (
			);
			runOnlyForDeploymentPostprocessing = 0;
		};
/* End PBXResourcesBuildPhase section */

/* Begin PBXSourcesBuildPhase section */
		148EDE0A2BBBB8960051E8D6 /* Sources */ = {
			isa = PBXSourcesBuildPhase;
			buildActionMask = 2147483647;
			files = (
				148EDE162BBBB8960051E8D6 /* ViewController.swift in Sources */,
				148EDE122BBBB8960051E8D6 /* AppDelegate.swift in Sources */,
				148EDE432BBBBC1B0051E8D6 /* CollectionViewCell.swift in Sources */,
				148EDE142BBBB8960051E8D6 /* SceneDelegate.swift in Sources */,
				148EDE462BBBBE3F0051E8D6 /* Coffee.swift in Sources */,
			);
			runOnlyForDeploymentPostprocessing = 0;
		};
		148EDE202BBBB8980051E8D6 /* Sources */ = {
			isa = PBXSourcesBuildPhase;
			buildActionMask = 2147483647;
			files = (
				148EDE292BBBB8980051E8D6 /* CollectionViewTests.swift in Sources */,
			);
			runOnlyForDeploymentPostprocessing = 0;
		};
		148EDE2A2BBBB8980051E8D6 /* Sources */ = {
			isa = PBXSourcesBuildPhase;
			buildActionMask = 2147483647;
			files = (
				148EDE332BBBB8980051E8D6 /* CollectionViewUITests.swift in Sources */,
				148EDE352BBBB8980051E8D6 /* CollectionViewUITestsLaunchTests.swift in Sources */,
			);
			runOnlyForDeploymentPostprocessing = 0;
		};
/* End PBXSourcesBuildPhase section */

/* Begin PBXTargetDependency section */
		148EDE262BBBB8980051E8D6 /* PBXTargetDependency */ = {
			isa = PBXTargetDependency;
			target = 148EDE0D2BBBB8960051E8D6 /* CollectionView */;
			targetProxy = 148EDE252BBBB8980051E8D6 /* PBXContainerItemProxy */;
		};
		148EDE302BBBB8980051E8D6 /* PBXTargetDependency */ = {
			isa = PBXTargetDependency;
			target = 148EDE0D2BBBB8960051E8D6 /* CollectionView */;
			targetProxy = 148EDE2F2BBBB8980051E8D6 /* PBXContainerItemProxy */;
		};
/* End PBXTargetDependency section */

/* Begin PBXVariantGroup section */
		148EDE172BBBB8960051E8D6 /* Main.storyboard */ = {
			isa = PBXVariantGroup;
			children = (
				148EDE182BBBB8960051E8D6 /* Base */,
			);
			name = Main.storyboard;
			sourceTree = "<group>";
		};
		148EDE1C2BBBB8970051E8D6 /* LaunchScreen.storyboard */ = {
			isa = PBXVariantGroup;
			children = (
				148EDE1D2BBBB8970051E8D6 /* Base */,
			);
			name = LaunchScreen.storyboard;
			sourceTree = "<group>";
		};
		148EDE482BBBCA020051E8D6 /* BRB.ttf */ = {
			isa = PBXVariantGroup;
			children = (
				148EDE472BBBCA020051E8D6 /* en */,
			);
			name = BRB.ttf;
			sourceTree = "<group>";
		};
/* End PBXVariantGroup section */

/* Begin XCBuildConfiguration section */
		148EDE362BBBB8980051E8D6 /* Debug */ = {
			isa = XCBuildConfiguration;
			buildSettings = {
				ALWAYS_SEARCH_USER_PATHS = NO;
				ASSETCATALOG_COMPILER_GENERATE_SWIFT_ASSET_SYMBOL_EXTENSIONS = YES;
				CLANG_ANALYZER_NONNULL = YES;
				CLANG_ANALYZER_NUMBER_OBJECT_CONVERSION = YES_AGGRESSIVE;
				CLANG_CXX_LANGUAGE_STANDARD = "gnu++20";
				CLANG_ENABLE_MODULES = YES;
				CLANG_ENABLE_OBJC_ARC = YES;
				CLANG_ENABLE_OBJC_WEAK = YES;
				CLANG_WARN_BLOCK_CAPTURE_AUTORELEASING = YES;
				CLANG_WARN_BOOL_CONVERSION = YES;
				CLANG_WARN_COMMA = YES;
				CLANG_WARN_CONSTANT_CONVERSION = YES;
				CLANG_WARN_DEPRECATED_OBJC_IMPLEMENTATIONS = YES;
				CLANG_WARN_DIRECT_OBJC_ISA_USAGE = YES_ERROR;
				CLANG_WARN_DOCUMENTATION_COMMENTS = YES;
				CLANG_WARN_EMPTY_BODY = YES;
				CLANG_WARN_ENUM_CONVERSION = YES;
				CLANG_WARN_INFINITE_RECURSION = YES;
				CLANG_WARN_INT_CONVERSION = YES;
				CLANG_WARN_NON_LITERAL_NULL_CONVERSION = YES;
				CLANG_WARN_OBJC_IMPLICIT_RETAIN_SELF = YES;
				CLANG_WARN_OBJC_LITERAL_CONVERSION = YES;
				CLANG_WARN_OBJC_ROOT_CLASS = YES_ERROR;
				CLANG_WARN_QUOTED_INCLUDE_IN_FRAMEWORK_HEADER = YES;
				CLANG_WARN_RANGE_LOOP_ANALYSIS = YES;
				CLANG_WARN_STRICT_PROTOTYPES = YES;
				CLANG_WARN_SUSPICIOUS_MOVE = YES;
				CLANG_WARN_UNGUARDED_AVAILABILITY = YES_AGGRESSIVE;
				CLANG_WARN_UNREACHABLE_CODE = YES;
				CLANG_WARN__DUPLICATE_METHOD_MATCH = YES;
				COPY_PHASE_STRIP = NO;
				DEBUG_INFORMATION_FORMAT = dwarf;
				ENABLE_STRICT_OBJC_MSGSEND = YES;
				ENABLE_TESTABILITY = YES;
				ENABLE_USER_SCRIPT_SANDBOXING = YES;
				GCC_C_LANGUAGE_STANDARD = gnu17;
				GCC_DYNAMIC_NO_PIC = NO;
				GCC_NO_COMMON_BLOCKS = YES;
				GCC_OPTIMIZATION_LEVEL = 0;
				GCC_PREPROCESSOR_DEFINITIONS = (
					"DEBUG=1",
					"$(inherited)",
				);
				GCC_WARN_64_TO_32_BIT_CONVERSION = YES;
				GCC_WARN_ABOUT_RETURN_TYPE = YES_ERROR;
				GCC_WARN_UNDECLARED_SELECTOR = YES;
				GCC_WARN_UNINITIALIZED_AUTOS = YES_AGGRESSIVE;
				GCC_WARN_UNUSED_FUNCTION = YES;
				GCC_WARN_UNUSED_VARIABLE = YES;
				IPHONEOS_DEPLOYMENT_TARGET = 17.4;
				LOCALIZATION_PREFERS_STRING_CATALOGS = YES;
				MTL_ENABLE_DEBUG_INFO = INCLUDE_SOURCE;
				MTL_FAST_MATH = YES;
				ONLY_ACTIVE_ARCH = YES;
				SDKROOT = iphoneos;
				SWIFT_ACTIVE_COMPILATION_CONDITIONS = "DEBUG $(inherited)";
				SWIFT_OPTIMIZATION_LEVEL = "-Onone";
			};
			name = Debug;
		};
		148EDE372BBBB8980051E8D6 /* Release */ = {
			isa = XCBuildConfiguration;
			buildSettings = {
				ALWAYS_SEARCH_USER_PATHS = NO;
				ASSETCATALOG_COMPILER_GENERATE_SWIFT_ASSET_SYMBOL_EXTENSIONS = YES;
				CLANG_ANALYZER_NONNULL = YES;
				CLANG_ANALYZER_NUMBER_OBJECT_CONVERSION = YES_AGGRESSIVE;
				CLANG_CXX_LANGUAGE_STANDARD = "gnu++20";
				CLANG_ENABLE_MODULES = YES;
				CLANG_ENABLE_OBJC_ARC = YES;
				CLANG_ENABLE_OBJC_WEAK = YES;
				CLANG_WARN_BLOCK_CAPTURE_AUTORELEASING = YES;
				CLANG_WARN_BOOL_CONVERSION = YES;
				CLANG_WARN_COMMA = YES;
				CLANG_WARN_CONSTANT_CONVERSION = YES;
				CLANG_WARN_DEPRECATED_OBJC_IMPLEMENTATIONS = YES;
				CLANG_WARN_DIRECT_OBJC_ISA_USAGE = YES_ERROR;
				CLANG_WARN_DOCUMENTATION_COMMENTS = YES;
				CLANG_WARN_EMPTY_BODY = YES;
				CLANG_WARN_ENUM_CONVERSION = YES;
				CLANG_WARN_INFINITE_RECURSION = YES;
				CLANG_WARN_INT_CONVERSION = YES;
				CLANG_WARN_NON_LITERAL_NULL_CONVERSION = YES;
				CLANG_WARN_OBJC_IMPLICIT_RETAIN_SELF = YES;
				CLANG_WARN_OBJC_LITERAL_CONVERSION = YES;
				CLANG_WARN_OBJC_ROOT_CLASS = YES_ERROR;
				CLANG_WARN_QUOTED_INCLUDE_IN_FRAMEWORK_HEADER = YES;
				CLANG_WARN_RANGE_LOOP_ANALYSIS = YES;
				CLANG_WARN_STRICT_PROTOTYPES = YES;
				CLANG_WARN_SUSPICIOUS_MOVE = YES;
				CLANG_WARN_UNGUARDED_AVAILABILITY = YES_AGGRESSIVE;
				CLANG_WARN_UNREACHABLE_CODE = YES;
				CLANG_WARN__DUPLICATE_METHOD_MATCH = YES;
				COPY_PHASE_STRIP = NO;
				DEBUG_INFORMATION_FORMAT = "dwarf-with-dsym";
				ENABLE_NS_ASSERTIONS = NO;
				ENABLE_STRICT_OBJC_MSGSEND = YES;
				ENABLE_USER_SCRIPT_SANDBOXING = YES;
				GCC_C_LANGUAGE_STANDARD = gnu17;
				GCC_NO_COMMON_BLOCKS = YES;
				GCC_WARN_64_TO_32_BIT_CONVERSION = YES;
				GCC_WARN_ABOUT_RETURN_TYPE = YES_ERROR;
				GCC_WARN_UNDECLARED_SELECTOR = YES;
				GCC_WARN_UNINITIALIZED_AUTOS = YES_AGGRESSIVE;
				GCC_WARN_UNUSED_FUNCTION = YES;
				GCC_WARN_UNUSED_VARIABLE = YES;
				IPHONEOS_DEPLOYMENT_TARGET = 17.4;
				LOCALIZATION_PREFERS_STRING_CATALOGS = YES;
				MTL_ENABLE_DEBUG_INFO = NO;
				MTL_FAST_MATH = YES;
				SDKROOT = iphoneos;
				SWIFT_COMPILATION_MODE = wholemodule;
				VALIDATE_PRODUCT = YES;
			};
			name = Release;
		};
		148EDE392BBBB8980051E8D6 /* Debug */ = {
			isa = XCBuildConfiguration;
			buildSettings = {
				ASSETCATALOG_COMPILER_APPICON_NAME = AppIcon;
				ASSETCATALOG_COMPILER_GLOBAL_ACCENT_COLOR_NAME = AccentColor;
				CODE_SIGN_STYLE = Automatic;
				CURRENT_PROJECT_VERSION = 1;
				DEVELOPMENT_TEAM = 27X8924SNC;
				GENERATE_INFOPLIST_FILE = YES;
				INFOPLIST_FILE = CollectionView/Info.plist;
				INFOPLIST_KEY_UIApplicationSupportsIndirectInputEvents = YES;
				INFOPLIST_KEY_UILaunchStoryboardName = LaunchScreen;
				INFOPLIST_KEY_UIMainStoryboardFile = Main;
				INFOPLIST_KEY_UISupportedInterfaceOrientations_iPad = "UIInterfaceOrientationPortrait UIInterfaceOrientationPortraitUpsideDown UIInterfaceOrientationLandscapeLeft UIInterfaceOrientationLandscapeRight";
				INFOPLIST_KEY_UISupportedInterfaceOrientations_iPhone = "UIInterfaceOrientationPortrait UIInterfaceOrientationLandscapeLeft UIInterfaceOrientationLandscapeRight";
				LD_RUNPATH_SEARCH_PATHS = (
					"$(inherited)",
					"@executable_path/Frameworks",
				);
				MARKETING_VERSION = 1.0;
				PRODUCT_BUNDLE_IDENTIFIER = com.Seungwon.CollectionView;
				PRODUCT_NAME = "$(TARGET_NAME)";
				SWIFT_EMIT_LOC_STRINGS = YES;
				SWIFT_VERSION = 5.0;
				TARGETED_DEVICE_FAMILY = "1,2";
			};
			name = Debug;
		};
		148EDE3A2BBBB8980051E8D6 /* Release */ = {
			isa = XCBuildConfiguration;
			buildSettings = {
				ASSETCATALOG_COMPILER_APPICON_NAME = AppIcon;
				ASSETCATALOG_COMPILER_GLOBAL_ACCENT_COLOR_NAME = AccentColor;
				CODE_SIGN_STYLE = Automatic;
				CURRENT_PROJECT_VERSION = 1;
				DEVELOPMENT_TEAM = 27X8924SNC;
				GENERATE_INFOPLIST_FILE = YES;
				INFOPLIST_FILE = CollectionView/Info.plist;
				INFOPLIST_KEY_UIApplicationSupportsIndirectInputEvents = YES;
				INFOPLIST_KEY_UILaunchStoryboardName = LaunchScreen;
				INFOPLIST_KEY_UIMainStoryboardFile = Main;
				INFOPLIST_KEY_UISupportedInterfaceOrientations_iPad = "UIInterfaceOrientationPortrait UIInterfaceOrientationPortraitUpsideDown UIInterfaceOrientationLandscapeLeft UIInterfaceOrientationLandscapeRight";
				INFOPLIST_KEY_UISupportedInterfaceOrientations_iPhone = "UIInterfaceOrientationPortrait UIInterfaceOrientationLandscapeLeft UIInterfaceOrientationLandscapeRight";
				LD_RUNPATH_SEARCH_PATHS = (
					"$(inherited)",
					"@executable_path/Frameworks",
				);
				MARKETING_VERSION = 1.0;
				PRODUCT_BUNDLE_IDENTIFIER = com.Seungwon.CollectionView;
				PRODUCT_NAME = "$(TARGET_NAME)";
				SWIFT_EMIT_LOC_STRINGS = YES;
				SWIFT_VERSION = 5.0;
				TARGETED_DEVICE_FAMILY = "1,2";
			};
			name = Release;
		};
		148EDE3C2BBBB8980051E8D6 /* Debug */ = {
			isa = XCBuildConfiguration;
			buildSettings = {
				ALWAYS_EMBED_SWIFT_STANDARD_LIBRARIES = YES;
				BUNDLE_LOADER = "$(TEST_HOST)";
				CODE_SIGN_STYLE = Automatic;
				CURRENT_PROJECT_VERSION = 1;
				DEVELOPMENT_TEAM = 27X8924SNC;
				GENERATE_INFOPLIST_FILE = YES;
				IPHONEOS_DEPLOYMENT_TARGET = 17.4;
				MARKETING_VERSION = 1.0;
				PRODUCT_BUNDLE_IDENTIFIER = com.Seungwon.CollectionViewTests;
				PRODUCT_NAME = "$(TARGET_NAME)";
				SWIFT_EMIT_LOC_STRINGS = NO;
				SWIFT_VERSION = 5.0;
				TARGETED_DEVICE_FAMILY = "1,2";
				TEST_HOST = "$(BUILT_PRODUCTS_DIR)/CollectionView.app/$(BUNDLE_EXECUTABLE_FOLDER_PATH)/CollectionView";
			};
			name = Debug;
		};
		148EDE3D2BBBB8980051E8D6 /* Release */ = {
			isa = XCBuildConfiguration;
			buildSettings = {
				ALWAYS_EMBED_SWIFT_STANDARD_LIBRARIES = YES;
				BUNDLE_LOADER = "$(TEST_HOST)";
				CODE_SIGN_STYLE = Automatic;
				CURRENT_PROJECT_VERSION = 1;
				DEVELOPMENT_TEAM = 27X8924SNC;
				GENERATE_INFOPLIST_FILE = YES;
				IPHONEOS_DEPLOYMENT_TARGET = 17.4;
				MARKETING_VERSION = 1.0;
				PRODUCT_BUNDLE_IDENTIFIER = com.Seungwon.CollectionViewTests;
				PRODUCT_NAME = "$(TARGET_NAME)";
				SWIFT_EMIT_LOC_STRINGS = NO;
				SWIFT_VERSION = 5.0;
				TARGETED_DEVICE_FAMILY = "1,2";
				TEST_HOST = "$(BUILT_PRODUCTS_DIR)/CollectionView.app/$(BUNDLE_EXECUTABLE_FOLDER_PATH)/CollectionView";
			};
			name = Release;
		};
		148EDE3F2BBBB8980051E8D6 /* Debug */ = {
			isa = XCBuildConfiguration;
			buildSettings = {
				ALWAYS_EMBED_SWIFT_STANDARD_LIBRARIES = YES;
				CODE_SIGN_STYLE = Automatic;
				CURRENT_PROJECT_VERSION = 1;
				DEVELOPMENT_TEAM = 27X8924SNC;
				GENERATE_INFOPLIST_FILE = YES;
				MARKETING_VERSION = 1.0;
				PRODUCT_BUNDLE_IDENTIFIER = com.Seungwon.CollectionViewUITests;
				PRODUCT_NAME = "$(TARGET_NAME)";
				SWIFT_EMIT_LOC_STRINGS = NO;
				SWIFT_VERSION = 5.0;
				TARGETED_DEVICE_FAMILY = "1,2";
				TEST_TARGET_NAME = CollectionView;
			};
			name = Debug;
		};
		148EDE402BBBB8980051E8D6 /* Release */ = {
			isa = XCBuildConfiguration;
			buildSettings = {
				ALWAYS_EMBED_SWIFT_STANDARD_LIBRARIES = YES;
				CODE_SIGN_STYLE = Automatic;
				CURRENT_PROJECT_VERSION = 1;
				DEVELOPMENT_TEAM = 27X8924SNC;
				GENERATE_INFOPLIST_FILE = YES;
				MARKETING_VERSION = 1.0;
				PRODUCT_BUNDLE_IDENTIFIER = com.Seungwon.CollectionViewUITests;
				PRODUCT_NAME = "$(TARGET_NAME)";
				SWIFT_EMIT_LOC_STRINGS = NO;
				SWIFT_VERSION = 5.0;
				TARGETED_DEVICE_FAMILY = "1,2";
				TEST_TARGET_NAME = CollectionView;
			};
			name = Release;
		};
/* End XCBuildConfiguration section */

/* Begin XCConfigurationList section */
		148EDE092BBBB8960051E8D6 /* Build configuration list for PBXProject "CollectionView" */ = {
			isa = XCConfigurationList;
			buildConfigurations = (
				148EDE362BBBB8980051E8D6 /* Debug */,
				148EDE372BBBB8980051E8D6 /* Release */,
			);
			defaultConfigurationIsVisible = 0;
			defaultConfigurationName = Release;
		};
		148EDE382BBBB8980051E8D6 /* Build configuration list for PBXNativeTarget "CollectionView" */ = {
			isa = XCConfigurationList;
			buildConfigurations = (
				148EDE392BBBB8980051E8D6 /* Debug */,
				148EDE3A2BBBB8980051E8D6 /* Release */,
			);
			defaultConfigurationIsVisible = 0;
			defaultConfigurationName = Release;
		};
		148EDE3B2BBBB8980051E8D6 /* Build configuration list for PBXNativeTarget "CollectionViewTests" */ = {
			isa = XCConfigurationList;
			buildConfigurations = (
				148EDE3C2BBBB8980051E8D6 /* Debug */,
				148EDE3D2BBBB8980051E8D6 /* Release */,
			);
			defaultConfigurationIsVisible = 0;
			defaultConfigurationName = Release;
		};
		148EDE3E2BBBB8980051E8D6 /* Build configuration list for PBXNativeTarget "CollectionViewUITests" */ = {
			isa = XCConfigurationList;
			buildConfigurations = (
				148EDE3F2BBBB8980051E8D6 /* Debug */,
				148EDE402BBBB8980051E8D6 /* Release */,
			);
			defaultConfigurationIsVisible = 0;
			defaultConfigurationName = Release;
		};
/* End XCConfigurationList section */
	};
	rootObject = 148EDE062BBBB8960051E8D6 /* Project object */;
}
