// !$*UTF8*$!
{
	archiveVersion = 1;
	classes = {
	};
	objectVersion = 56;
	objects = {

/* Begin PBXBuildFile section */
		143D0C712BB3CE9A0053D1CA /* CustomAlertViewController.xib in Resources */ = {isa = PBXBuildFile; fileRef = 143D0C702BB3CE9A0053D1CA /* CustomAlertViewController.xib */; };
		143D0C722BB3CE9A0053D1CA /* CustomAlertViewController.swift in Sources */ = {isa = PBXBuildFile; fileRef = 143D0C6F2BB3CE9A0053D1CA /* CustomAlertViewController.swift */; };
		143D0C742BB3E2260053D1CA /* CustomVisualEffectView.swift in Sources */ = {isa = PBXBuildFile; fileRef = 143D0C732BB3E2260053D1CA /* CustomVisualEffectView.swift */; };
		536FB7622BB16125004D6F93 /* AppDelegate.swift in Sources */ = {isa = PBXBuildFile; fileRef = 536FB7612BB16125004D6F93 /* AppDelegate.swift */; };
		536FB7642BB16125004D6F93 /* SceneDelegate.swift in Sources */ = {isa = PBXBuildFile; fileRef = 536FB7632BB16125004D6F93 /* SceneDelegate.swift */; };
		536FB7662BB16125004D6F93 /* ViewController.swift in Sources */ = {isa = PBXBuildFile; fileRef = 536FB7652BB16125004D6F93 /* ViewController.swift */; };
		536FB7692BB16125004D6F93 /* Base in Resources */ = {isa = PBXBuildFile; fileRef = 536FB7682BB16125004D6F93 /* Base */; };
		536FB76B2BB16126004D6F93 /* Assets.xcassets in Resources */ = {isa = PBXBuildFile; fileRef = 536FB76A2BB16126004D6F93 /* Assets.xcassets */; };
		536FB76E2BB16126004D6F93 /* Base in Resources */ = {isa = PBXBuildFile; fileRef = 536FB76D2BB16126004D6F93 /* Base */; };
/* End PBXBuildFile section */

/* Begin PBXFileReference section */
		143D0C6F2BB3CE9A0053D1CA /* CustomAlertViewController.swift */ = {isa = PBXFileReference; lastKnownFileType = sourcecode.swift; path = CustomAlertViewController.swift; sourceTree = "<group>"; };
		143D0C702BB3CE9A0053D1CA /* CustomAlertViewController.xib */ = {isa = PBXFileReference; lastKnownFileType = file.xib; path = CustomAlertViewController.xib; sourceTree = "<group>"; };
		143D0C732BB3E2260053D1CA /* CustomVisualEffectView.swift */ = {isa = PBXFileReference; lastKnownFileType = sourcecode.swift; path = CustomVisualEffectView.swift; sourceTree = "<group>"; };
		536FB75E2BB16125004D6F93 /* BlurView.app */ = {isa = PBXFileReference; explicitFileType = wrapper.application; includeInIndex = 0; path = BlurView.app; sourceTree = BUILT_PRODUCTS_DIR; };
		536FB7612BB16125004D6F93 /* AppDelegate.swift */ = {isa = PBXFileReference; lastKnownFileType = sourcecode.swift; path = AppDelegate.swift; sourceTree = "<group>"; };
		536FB7632BB16125004D6F93 /* SceneDelegate.swift */ = {isa = PBXFileReference; lastKnownFileType = sourcecode.swift; path = SceneDelegate.swift; sourceTree = "<group>"; };
		536FB7652BB16125004D6F93 /* ViewController.swift */ = {isa = PBXFileReference; lastKnownFileType = sourcecode.swift; path = ViewController.swift; sourceTree = "<group>"; };
		536FB7682BB16125004D6F93 /* Base */ = {isa = PBXFileReference; lastKnownFileType = file.storyboard; name = Base; path = Base.lproj/Main.storyboard; sourceTree = "<group>"; };
		536FB76A2BB16126004D6F93 /* Assets.xcassets */ = {isa = PBXFileReference; lastKnownFileType = folder.assetcatalog; path = Assets.xcassets; sourceTree = "<group>"; };
		536FB76D2BB16126004D6F93 /* Base */ = {isa = PBXFileReference; lastKnownFileType = file.storyboard; name = Base; path = Base.lproj/LaunchScreen.storyboard; sourceTree = "<group>"; };
		536FB76F2BB16126004D6F93 /* Info.plist */ = {isa = PBXFileReference; lastKnownFileType = text.plist.xml; path = Info.plist; sourceTree = "<group>"; };
/* End PBXFileReference section */

/* Begin PBXFrameworksBuildPhase section */
		536FB75B2BB16125004D6F93 /* Frameworks */ = {
			isa = PBXFrameworksBuildPhase;
			buildActionMask = 2147483647;
			files = (
			);
			runOnlyForDeploymentPostprocessing = 0;
		};
/* End PBXFrameworksBuildPhase section */

/* Begin PBXGroup section */
		536FB7552BB16125004D6F93 = {
			isa = PBXGroup;
			children = (
				536FB7602BB16125004D6F93 /* BlurView */,
				536FB75F2BB16125004D6F93 /* Products */,
			);
			sourceTree = "<group>";
		};
		536FB75F2BB16125004D6F93 /* Products */ = {
			isa = PBXGroup;
			children = (
				536FB75E2BB16125004D6F93 /* BlurView.app */,
			);
			name = Products;
			sourceTree = "<group>";
		};
		536FB7602BB16125004D6F93 /* BlurView */ = {
			isa = PBXGroup;
			children = (
				536FB7612BB16125004D6F93 /* AppDelegate.swift */,
				536FB7632BB16125004D6F93 /* SceneDelegate.swift */,
				536FB7652BB16125004D6F93 /* ViewController.swift */,
				143D0C732BB3E2260053D1CA /* CustomVisualEffectView.swift */,
				143D0C6F2BB3CE9A0053D1CA /* CustomAlertViewController.swift */,
				143D0C702BB3CE9A0053D1CA /* CustomAlertViewController.xib */,
				536FB7672BB16125004D6F93 /* Main.storyboard */,
				536FB76A2BB16126004D6F93 /* Assets.xcassets */,
				536FB76C2BB16126004D6F93 /* LaunchScreen.storyboard */,
				536FB76F2BB16126004D6F93 /* Info.plist */,
			);
			path = BlurView;
			sourceTree = "<group>";
		};
/* End PBXGroup section */

/* Begin PBXNativeTarget section */
		536FB75D2BB16125004D6F93 /* BlurView */ = {
			isa = PBXNativeTarget;
			buildConfigurationList = 536FB7722BB16126004D6F93 /* Build configuration list for PBXNativeTarget "BlurView" */;
			buildPhases = (
				536FB75A2BB16125004D6F93 /* Sources */,
				536FB75B2BB16125004D6F93 /* Frameworks */,
				536FB75C2BB16125004D6F93 /* Resources */,
			);
			buildRules = (
			);
			dependencies = (
			);
			name = BlurView;
			productName = TodoList;
			productReference = 536FB75E2BB16125004D6F93 /* BlurView.app */;
			productType = "com.apple.product-type.application";
		};
/* End PBXNativeTarget section */

/* Begin PBXProject section */
		536FB7562BB16125004D6F93 /* Project object */ = {
			isa = PBXProject;
			attributes = {
				BuildIndependentTargetsInParallel = 1;
				LastSwiftUpdateCheck = 1530;
				LastUpgradeCheck = 1530;
				TargetAttributes = {
					536FB75D2BB16125004D6F93 = {
						CreatedOnToolsVersion = 15.3;
					};
				};
			};
			buildConfigurationList = 536FB7592BB16125004D6F93 /* Build configuration list for PBXProject "BlurView" */;
			compatibilityVersion = "Xcode 14.0";
			developmentRegion = en;
			hasScannedForEncodings = 0;
			knownRegions = (
				en,
				Base,
			);
			mainGroup = 536FB7552BB16125004D6F93;
			productRefGroup = 536FB75F2BB16125004D6F93 /* Products */;
			projectDirPath = "";
			projectRoot = "";
			targets = (
				536FB75D2BB16125004D6F93 /* BlurView */,
			);
		};
/* End PBXProject section */

/* Begin PBXResourcesBuildPhase section */
		536FB75C2BB16125004D6F93 /* Resources */ = {
			isa = PBXResourcesBuildPhase;
			buildActionMask = 2147483647;
			files = (
				143D0C712BB3CE9A0053D1CA /* CustomAlertViewController.xib in Resources */,
				536FB76B2BB16126004D6F93 /* Assets.xcassets in Resources */,
				536FB76E2BB16126004D6F93 /* Base in Resources */,
				536FB7692BB16125004D6F93 /* Base in Resources */,
			);
			runOnlyForDeploymentPostprocessing = 0;
		};
/* End PBXResourcesBuildPhase section */

/* Begin PBXSourcesBuildPhase section */
		536FB75A2BB16125004D6F93 /* Sources */ = {
			isa = PBXSourcesBuildPhase;
			buildActionMask = 2147483647;
			files = (
				143D0C722BB3CE9A0053D1CA /* CustomAlertViewController.swift in Sources */,
				536FB7662BB16125004D6F93 /* ViewController.swift in Sources */,
				143D0C742BB3E2260053D1CA /* CustomVisualEffectView.swift in Sources */,
				536FB7622BB16125004D6F93 /* AppDelegate.swift in Sources */,
				536FB7642BB16125004D6F93 /* SceneDelegate.swift in Sources */,
			);
			runOnlyForDeploymentPostprocessing = 0;
		};
/* End PBXSourcesBuildPhase section */

/* Begin PBXVariantGroup section */
		536FB7672BB16125004D6F93 /* Main.storyboard */ = {
			isa = PBXVariantGroup;
			children = (
				536FB7682BB16125004D6F93 /* Base */,
			);
			name = Main.storyboard;
			sourceTree = "<group>";
		};
		536FB76C2BB16126004D6F93 /* LaunchScreen.storyboard */ = {
			isa = PBXVariantGroup;
			children = (
				536FB76D2BB16126004D6F93 /* Base */,
			);
			name = LaunchScreen.storyboard;
			sourceTree = "<group>";
		};
/* End PBXVariantGroup section */

/* Begin XCBuildConfiguration section */
		536FB7702BB16126004D6F93 /* Debug */ = {
			isa = XCBuildConfiguration;
			buildSettings = {
				ALWAYS_SEARCH_USER_PATHS = NO;
				ASSETCATALOG_COMPILER_GENERATE_SWIFT_ASSET_SYMBOL_EXTENSIONS = YES;
				CLANG_ANALYZER_NONNULL = YES;
				CLANG_ANALYZER_NUMBER_OBJECT_CONVERSION = YES_AGGRESSIVE;
				CLANG_CXX_LANGUAGE_STANDARD = "gnu++20";
				CLANG_ENABLE_MODULES = YES;
				CLANG_ENABLE_OBJC_ARC = YES;
				CLANG_ENABLE_OBJC_WEAK = YES;
				CLANG_WARN_BLOCK_CAPTURE_AUTORELEASING = YES;
				CLANG_WARN_BOOL_CONVERSION = YES;
				CLANG_WARN_COMMA = YES;
				CLANG_WARN_CONSTANT_CONVERSION = YES;
				CLANG_WARN_DEPRECATED_OBJC_IMPLEMENTATIONS = YES;
				CLANG_WARN_DIRECT_OBJC_ISA_USAGE = YES_ERROR;
				CLANG_WARN_DOCUMENTATION_COMMENTS = YES;
				CLANG_WARN_EMPTY_BODY = YES;
				CLANG_WARN_ENUM_CONVERSION = YES;
				CLANG_WARN_INFINITE_RECURSION = YES;
				CLANG_WARN_INT_CONVERSION = YES;
				CLANG_WARN_NON_LITERAL_NULL_CONVERSION = YES;
				CLANG_WARN_OBJC_IMPLICIT_RETAIN_SELF = YES;
				CLANG_WARN_OBJC_LITERAL_CONVERSION = YES;
				CLANG_WARN_OBJC_ROOT_CLASS = YES_ERROR;
				CLANG_WARN_QUOTED_INCLUDE_IN_FRAMEWORK_HEADER = YES;
				CLANG_WARN_RANGE_LOOP_ANALYSIS = YES;
				CLANG_WARN_STRICT_PROTOTYPES = YES;
				CLANG_WARN_SUSPICIOUS_MOVE = YES;
				CLANG_WARN_UNGUARDED_AVAILABILITY = YES_AGGRESSIVE;
				CLANG_WARN_UNREACHABLE_CODE = YES;
				CLANG_WARN__DUPLICATE_METHOD_MATCH = YES;
				COPY_PHASE_STRIP = NO;
				DEBUG_INFORMATION_FORMAT = dwarf;
				ENABLE_STRICT_OBJC_MSGSEND = YES;
				ENABLE_TESTABILITY = YES;
				ENABLE_USER_SCRIPT_SANDBOXING = YES;
				GCC_C_LANGUAGE_STANDARD = gnu17;
				GCC_DYNAMIC_NO_PIC = NO;
				GCC_NO_COMMON_BLOCKS = YES;
				GCC_OPTIMIZATION_LEVEL = 0;
				GCC_PREPROCESSOR_DEFINITIONS = (
					"DEBUG=1",
					"$(inherited)",
				);
				GCC_WARN_64_TO_32_BIT_CONVERSION = YES;
				GCC_WARN_ABOUT_RETURN_TYPE = YES_ERROR;
				GCC_WARN_UNDECLARED_SELECTOR = YES;
				GCC_WARN_UNINITIALIZED_AUTOS = YES_AGGRESSIVE;
				GCC_WARN_UNUSED_FUNCTION = YES;
				GCC_WARN_UNUSED_VARIABLE = YES;
				IPHONEOS_DEPLOYMENT_TARGET = 17.4;
				LOCALIZATION_PREFERS_STRING_CATALOGS = YES;
				MTL_ENABLE_DEBUG_INFO = INCLUDE_SOURCE;
				MTL_FAST_MATH = YES;
				ONLY_ACTIVE_ARCH = YES;
				PRODUCT_NAME = BlurView;
				SDKROOT = iphoneos;
				SWIFT_ACTIVE_COMPILATION_CONDITIONS = "DEBUG $(inherited)";
				SWIFT_OPTIMIZATION_LEVEL = "-Onone";
			};
			name = Debug;
		};
		536FB7712BB16126004D6F93 /* Release */ = {
			isa = XCBuildConfiguration;
			buildSettings = {
				ALWAYS_SEARCH_USER_PATHS = NO;
				ASSETCATALOG_COMPILER_GENERATE_SWIFT_ASSET_SYMBOL_EXTENSIONS = YES;
				CLANG_ANALYZER_NONNULL = YES;
				CLANG_ANALYZER_NUMBER_OBJECT_CONVERSION = YES_AGGRESSIVE;
				CLANG_CXX_LANGUAGE_STANDARD = "gnu++20";
				CLANG_ENABLE_MODULES = YES;
				CLANG_ENABLE_OBJC_ARC = YES;
				CLANG_ENABLE_OBJC_WEAK = YES;
				CLANG_WARN_BLOCK_CAPTURE_AUTORELEASING = YES;
				CLANG_WARN_BOOL_CONVERSION = YES;
				CLANG_WARN_COMMA = YES;
				CLANG_WARN_CONSTANT_CONVERSION = YES;
				CLANG_WARN_DEPRECATED_OBJC_IMPLEMENTATIONS = YES;
				CLANG_WARN_DIRECT_OBJC_ISA_USAGE = YES_ERROR;
				CLANG_WARN_DOCUMENTATION_COMMENTS = YES;
				CLANG_WARN_EMPTY_BODY = YES;
				CLANG_WARN_ENUM_CONVERSION = YES;
				CLANG_WARN_INFINITE_RECURSION = YES;
				CLANG_WARN_INT_CONVERSION = YES;
				CLANG_WARN_NON_LITERAL_NULL_CONVERSION = YES;
				CLANG_WARN_OBJC_IMPLICIT_RETAIN_SELF = YES;
				CLANG_WARN_OBJC_LITERAL_CONVERSION = YES;
				CLANG_WARN_OBJC_ROOT_CLASS = YES_ERROR;
				CLANG_WARN_QUOTED_INCLUDE_IN_FRAMEWORK_HEADER = YES;
				CLANG_WARN_RANGE_LOOP_ANALYSIS = YES;
				CLANG_WARN_STRICT_PROTOTYPES = YES;
				CLANG_WARN_SUSPICIOUS_MOVE = YES;
				CLANG_WARN_UNGUARDED_AVAILABILITY = YES_AGGRESSIVE;
				CLANG_WARN_UNREACHABLE_CODE = YES;
				CLANG_WARN__DUPLICATE_METHOD_MATCH = YES;
				COPY_PHASE_STRIP = NO;
				DEBUG_INFORMATION_FORMAT = "dwarf-with-dsym";
				ENABLE_NS_ASSERTIONS = NO;
				ENABLE_STRICT_OBJC_MSGSEND = YES;
				ENABLE_USER_SCRIPT_SANDBOXING = YES;
				GCC_C_LANGUAGE_STANDARD = gnu17;
				GCC_NO_COMMON_BLOCKS = YES;
				GCC_WARN_64_TO_32_BIT_CONVERSION = YES;
				GCC_WARN_ABOUT_RETURN_TYPE = YES_ERROR;
				GCC_WARN_UNDECLARED_SELECTOR = YES;
				GCC_WARN_UNINITIALIZED_AUTOS = YES_AGGRESSIVE;
				GCC_WARN_UNUSED_FUNCTION = YES;
				GCC_WARN_UNUSED_VARIABLE = YES;
				IPHONEOS_DEPLOYMENT_TARGET = 17.4;
				LOCALIZATION_PREFERS_STRING_CATALOGS = YES;
				MTL_ENABLE_DEBUG_INFO = NO;
				MTL_FAST_MATH = YES;
				PRODUCT_NAME = BlurView;
				SDKROOT = iphoneos;
				SWIFT_COMPILATION_MODE = wholemodule;
				VALIDATE_PRODUCT = YES;
			};
			name = Release;
		};
		536FB7732BB16126004D6F93 /* Debug */ = {
			isa = XCBuildConfiguration;
			buildSettings = {
				ASSETCATALOG_COMPILER_APPICON_NAME = AppIcon;
				ASSETCATALOG_COMPILER_GLOBAL_ACCENT_COLOR_NAME = AccentColor;
				CODE_SIGN_STYLE = Automatic;
				CURRENT_PROJECT_VERSION = 1;
				DEVELOPMENT_TEAM = 27X8924SNC;
				GENERATE_INFOPLIST_FILE = YES;
				INFOPLIST_FILE = BlurView/Info.plist;
				INFOPLIST_KEY_UIApplicationSupportsIndirectInputEvents = YES;
				INFOPLIST_KEY_UILaunchStoryboardName = LaunchScreen;
				INFOPLIST_KEY_UIMainStoryboardFile = Main;
				INFOPLIST_KEY_UISupportedInterfaceOrientations_iPad = "UIInterfaceOrientationPortrait UIInterfaceOrientationPortraitUpsideDown UIInterfaceOrientationLandscapeLeft UIInterfaceOrientationLandscapeRight";
				INFOPLIST_KEY_UISupportedInterfaceOrientations_iPhone = "UIInterfaceOrientationPortrait UIInterfaceOrientationLandscapeLeft UIInterfaceOrientationLandscapeRight";
				LD_RUNPATH_SEARCH_PATHS = (
					"$(inherited)",
					"@executable_path/Frameworks",
				);
				MARKETING_VERSION = 1.0;
				PRODUCT_BUNDLE_IDENTIFIER = com.Seungwon.BlurView;
				PRODUCT_NAME = "$(TARGET_NAME)";
				SWIFT_EMIT_LOC_STRINGS = YES;
				SWIFT_VERSION = 5.0;
				TARGETED_DEVICE_FAMILY = "1,2";
			};
			name = Debug;
		};
		536FB7742BB16126004D6F93 /* Release */ = {
			isa = XCBuildConfiguration;
			buildSettings = {
				ASSETCATALOG_COMPILER_APPICON_NAME = AppIcon;
				ASSETCATALOG_COMPILER_GLOBAL_ACCENT_COLOR_NAME = AccentColor;
				CODE_SIGN_STYLE = Automatic;
				CURRENT_PROJECT_VERSION = 1;
				DEVELOPMENT_TEAM = 27X8924SNC;
				GENERATE_INFOPLIST_FILE = YES;
				INFOPLIST_FILE = BlurView/Info.plist;
				INFOPLIST_KEY_UIApplicationSupportsIndirectInputEvents = YES;
				INFOPLIST_KEY_UILaunchStoryboardName = LaunchScreen;
				INFOPLIST_KEY_UIMainStoryboardFile = Main;
				INFOPLIST_KEY_UISupportedInterfaceOrientations_iPad = "UIInterfaceOrientationPortrait UIInterfaceOrientationPortraitUpsideDown UIInterfaceOrientationLandscapeLeft UIInterfaceOrientationLandscapeRight";
				INFOPLIST_KEY_UISupportedInterfaceOrientations_iPhone = "UIInterfaceOrientationPortrait UIInterfaceOrientationLandscapeLeft UIInterfaceOrientationLandscapeRight";
				LD_RUNPATH_SEARCH_PATHS = (
					"$(inherited)",
					"@executable_path/Frameworks",
				);
				MARKETING_VERSION = 1.0;
				PRODUCT_BUNDLE_IDENTIFIER = com.Seungwon.BlurView;
				PRODUCT_NAME = "$(TARGET_NAME)";
				SWIFT_EMIT_LOC_STRINGS = YES;
				SWIFT_VERSION = 5.0;
				TARGETED_DEVICE_FAMILY = "1,2";
			};
			name = Release;
		};
/* End XCBuildConfiguration section */

/* Begin XCConfigurationList section */
		536FB7592BB16125004D6F93 /* Build configuration list for PBXProject "BlurView" */ = {
			isa = XCConfigurationList;
			buildConfigurations = (
				536FB7702BB16126004D6F93 /* Debug */,
				536FB7712BB16126004D6F93 /* Release */,
			);
			defaultConfigurationIsVisible = 0;
			defaultConfigurationName = Release;
		};
		536FB7722BB16126004D6F93 /* Build configuration list for PBXNativeTarget "BlurView" */ = {
			isa = XCConfigurationList;
			buildConfigurations = (
				536FB7732BB16126004D6F93 /* Debug */,
				536FB7742BB16126004D6F93 /* Release */,
			);
			defaultConfigurationIsVisible = 0;
			defaultConfigurationName = Release;
		};
/* End XCConfigurationList section */
	};
	rootObject = 536FB7562BB16125004D6F93 /* Project object */;
}
