// !$*UTF8*$!
{
	archiveVersion = 1;
	classes = {
	};
	objectVersion = 56;
	objects = {

/* Begin PBXBuildFile section */
		1448188B2BA8311E0031D234 /* AppDelegate.swift in Sources */ = {isa = PBXBuildFile; fileRef = 1448188A2BA8311E0031D234 /* AppDelegate.swift */; };
		1448188D2BA8311E0031D234 /* SceneDelegate.swift in Sources */ = {isa = PBXBuildFile; fileRef = 1448188C2BA8311E0031D234 /* SceneDelegate.swift */; };
		1448188F2BA8311E0031D234 /* ViewController.swift in Sources */ = {isa = PBXBuildFile; fileRef = 1448188E2BA8311E0031D234 /* ViewController.swift */; };
		144818922BA8311E0031D234 /* Base in Resources */ = {isa = PBXBuildFile; fileRef = 144818912BA8311E0031D234 /* Base */; };
		144818942BA831200031D234 /* Assets.xcassets in Resources */ = {isa = PBXBuildFile; fileRef = 144818932BA831200031D234 /* Assets.xcassets */; };
		144818972BA831200031D234 /* Base in Resources */ = {isa = PBXBuildFile; fileRef = 144818962BA831200031D234 /* Base */; };
		144818A22BA831200031D234 /* MyTodoListTests.swift in Sources */ = {isa = PBXBuildFile; fileRef = 144818A12BA831200031D234 /* MyTodoListTests.swift */; };
		144818AC2BA831200031D234 /* MyTodoListUITests.swift in Sources */ = {isa = PBXBuildFile; fileRef = 144818AB2BA831200031D234 /* MyTodoListUITests.swift */; };
		144818AE2BA831200031D234 /* MyTodoListUITestsLaunchTests.swift in Sources */ = {isa = PBXBuildFile; fileRef = 144818AD2BA831200031D234 /* MyTodoListUITestsLaunchTests.swift */; };
		14974C442BA837D300228294 /* ToDoTableViewCell.swift in Sources */ = {isa = PBXBuildFile; fileRef = 14974C422BA837D300228294 /* ToDoTableViewCell.swift */; };
		14974C452BA837D300228294 /* TodoTableViewCell.xib in Resources */ = {isa = PBXBuildFile; fileRef = 14974C432BA837D300228294 /* TodoTableViewCell.xib */; };
		14974C472BA8388200228294 /* Todo.swift in Sources */ = {isa = PBXBuildFile; fileRef = 14974C462BA8388200228294 /* Todo.swift */; };
		14A452AA2BA9266E002468E4 /* BM-JUA.ttf in Resources */ = {isa = PBXBuildFile; fileRef = 14A452A92BA9265D002468E4 /* BM-JUA.ttf */; };
		14A452AC2BA9303B002468E4 /* SSYoungestDaughter.ttf in Resources */ = {isa = PBXBuildFile; fileRef = 14A452AB2BA92F78002468E4 /* SSYoungestDaughter.ttf */; };
		14A452EC2BA9A39C002468E4 /* DetailsViewController.swift in Sources */ = {isa = PBXBuildFile; fileRef = 14A452EB2BA9A39C002468E4 /* DetailsViewController.swift */; };
		14A5071E2BA9BAE900AC43DD /* EF_Diary.ttf in Resources */ = {isa = PBXBuildFile; fileRef = 14A452AD2BA93203002468E4 /* EF_Diary.ttf */; };
		14E354B12BAA84190076D2BE /* DetailsViewController.xib in Resources */ = {isa = PBXBuildFile; fileRef = 14E354AF2BAA84190076D2BE /* DetailsViewController.xib */; };
		14E354B42BAADA800076D2BE /* TagCollectionViewCell.xib in Resources */ = {isa = PBXBuildFile; fileRef = 14E354B32BAADA800076D2BE /* TagCollectionViewCell.xib */; };
		14E354B52BAADA800076D2BE /* TagCollectionViewCell.swift in Sources */ = {isa = PBXBuildFile; fileRef = 14E354B22BAADA800076D2BE /* TagCollectionViewCell.swift */; };
/* End PBXBuildFile section */

/* Begin PBXContainerItemProxy section */
		1448189E2BA831200031D234 /* PBXContainerItemProxy */ = {
			isa = PBXContainerItemProxy;
			containerPortal = 1448187F2BA8311E0031D234 /* Project object */;
			proxyType = 1;
			remoteGlobalIDString = 144818862BA8311E0031D234;
			remoteInfo = MyTodoList;
		};
		144818A82BA831200031D234 /* PBXContainerItemProxy */ = {
			isa = PBXContainerItemProxy;
			containerPortal = 1448187F2BA8311E0031D234 /* Project object */;
			proxyType = 1;
			remoteGlobalIDString = 144818862BA8311E0031D234;
			remoteInfo = MyTodoList;
		};
/* End PBXContainerItemProxy section */

/* Begin PBXFileReference section */
		144818872BA8311E0031D234 /* MyTodoList.app */ = {isa = PBXFileReference; explicitFileType = wrapper.application; includeInIndex = 0; path = MyTodoList.app; sourceTree = BUILT_PRODUCTS_DIR; };
		1448188A2BA8311E0031D234 /* AppDelegate.swift */ = {isa = PBXFileReference; lastKnownFileType = sourcecode.swift; path = AppDelegate.swift; sourceTree = "<group>"; };
		1448188C2BA8311E0031D234 /* SceneDelegate.swift */ = {isa = PBXFileReference; lastKnownFileType = sourcecode.swift; path = SceneDelegate.swift; sourceTree = "<group>"; };
		1448188E2BA8311E0031D234 /* ViewController.swift */ = {isa = PBXFileReference; lastKnownFileType = sourcecode.swift; path = ViewController.swift; sourceTree = "<group>"; };
		144818912BA8311E0031D234 /* Base */ = {isa = PBXFileReference; lastKnownFileType = file.storyboard; name = Base; path = Base.lproj/Main.storyboard; sourceTree = "<group>"; };
		144818932BA831200031D234 /* Assets.xcassets */ = {isa = PBXFileReference; lastKnownFileType = folder.assetcatalog; path = Assets.xcassets; sourceTree = "<group>"; };
		144818962BA831200031D234 /* Base */ = {isa = PBXFileReference; lastKnownFileType = file.storyboard; name = Base; path = Base.lproj/LaunchScreen.storyboard; sourceTree = "<group>"; };
		144818982BA831200031D234 /* Info.plist */ = {isa = PBXFileReference; lastKnownFileType = text.plist.xml; path = Info.plist; sourceTree = "<group>"; };
		1448189D2BA831200031D234 /* MyTodoListTests.xctest */ = {isa = PBXFileReference; explicitFileType = wrapper.cfbundle; includeInIndex = 0; path = MyTodoListTests.xctest; sourceTree = BUILT_PRODUCTS_DIR; };
		144818A12BA831200031D234 /* MyTodoListTests.swift */ = {isa = PBXFileReference; lastKnownFileType = sourcecode.swift; path = MyTodoListTests.swift; sourceTree = "<group>"; };
		144818A72BA831200031D234 /* MyTodoListUITests.xctest */ = {isa = PBXFileReference; explicitFileType = wrapper.cfbundle; includeInIndex = 0; path = MyTodoListUITests.xctest; sourceTree = BUILT_PRODUCTS_DIR; };
		144818AB2BA831200031D234 /* MyTodoListUITests.swift */ = {isa = PBXFileReference; lastKnownFileType = sourcecode.swift; path = MyTodoListUITests.swift; sourceTree = "<group>"; };
		144818AD2BA831200031D234 /* MyTodoListUITestsLaunchTests.swift */ = {isa = PBXFileReference; lastKnownFileType = sourcecode.swift; path = MyTodoListUITestsLaunchTests.swift; sourceTree = "<group>"; };
		14974C422BA837D300228294 /* ToDoTableViewCell.swift */ = {isa = PBXFileReference; lastKnownFileType = sourcecode.swift; path = ToDoTableViewCell.swift; sourceTree = "<group>"; };
		14974C432BA837D300228294 /* TodoTableViewCell.xib */ = {isa = PBXFileReference; lastKnownFileType = file.xib; path = TodoTableViewCell.xib; sourceTree = "<group>"; };
		14974C462BA8388200228294 /* Todo.swift */ = {isa = PBXFileReference; lastKnownFileType = sourcecode.swift; path = Todo.swift; sourceTree = "<group>"; };
		14A452A92BA9265D002468E4 /* BM-JUA.ttf */ = {isa = PBXFileReference; lastKnownFileType = file; path = "BM-JUA.ttf"; sourceTree = "<group>"; };
		14A452AB2BA92F78002468E4 /* SSYoungestDaughter.ttf */ = {isa = PBXFileReference; lastKnownFileType = file; path = SSYoungestDaughter.ttf; sourceTree = "<group>"; };
		14A452AD2BA93203002468E4 /* EF_Diary.ttf */ = {isa = PBXFileReference; lastKnownFileType = file; path = EF_Diary.ttf; sourceTree = "<group>"; };
		14A452EB2BA9A39C002468E4 /* DetailsViewController.swift */ = {isa = PBXFileReference; lastKnownFileType = sourcecode.swift; path = DetailsViewController.swift; sourceTree = "<group>"; };
		14E354AF2BAA84190076D2BE /* DetailsViewController.xib */ = {isa = PBXFileReference; lastKnownFileType = file.xib; path = DetailsViewController.xib; sourceTree = "<group>"; };
		14E354B22BAADA800076D2BE /* TagCollectionViewCell.swift */ = {isa = PBXFileReference; lastKnownFileType = sourcecode.swift; path = TagCollectionViewCell.swift; sourceTree = "<group>"; };
		14E354B32BAADA800076D2BE /* TagCollectionViewCell.xib */ = {isa = PBXFileReference; lastKnownFileType = file.xib; path = TagCollectionViewCell.xib; sourceTree = "<group>"; };
/* End PBXFileReference section */

/* Begin PBXFrameworksBuildPhase section */
		144818842BA8311E0031D234 /* Frameworks */ = {
			isa = PBXFrameworksBuildPhase;
			buildActionMask = 2147483647;
			files = (
			);
			runOnlyForDeploymentPostprocessing = 0;
		};
		1448189A2BA831200031D234 /* Frameworks */ = {
			isa = PBXFrameworksBuildPhase;
			buildActionMask = 2147483647;
			files = (
			);
			runOnlyForDeploymentPostprocessing = 0;
		};
		144818A42BA831200031D234 /* Frameworks */ = {
			isa = PBXFrameworksBuildPhase;
			buildActionMask = 2147483647;
			files = (
			);
			runOnlyForDeploymentPostprocessing = 0;
		};
/* End PBXFrameworksBuildPhase section */

/* Begin PBXGroup section */
		1448187E2BA8311E0031D234 = {
			isa = PBXGroup;
			children = (
				144818892BA8311E0031D234 /* MyTodoList */,
				144818A02BA831200031D234 /* MyTodoListTests */,
				144818AA2BA831200031D234 /* MyTodoListUITests */,
				144818882BA8311E0031D234 /* Products */,
			);
			sourceTree = "<group>";
		};
		144818882BA8311E0031D234 /* Products */ = {
			isa = PBXGroup;
			children = (
				144818872BA8311E0031D234 /* MyTodoList.app */,
				1448189D2BA831200031D234 /* MyTodoListTests.xctest */,
				144818A72BA831200031D234 /* MyTodoListUITests.xctest */,
			);
			name = Products;
			sourceTree = "<group>";
		};
		144818892BA8311E0031D234 /* MyTodoList */ = {
			isa = PBXGroup;
			children = (
				14A452A82BA9264E002468E4 /* Fonts */,
				1448188A2BA8311E0031D234 /* AppDelegate.swift */,
				1448188C2BA8311E0031D234 /* SceneDelegate.swift */,
				1448188E2BA8311E0031D234 /* ViewController.swift */,
				14974C422BA837D300228294 /* ToDoTableViewCell.swift */,
				14974C462BA8388200228294 /* Todo.swift */,
				14974C432BA837D300228294 /* TodoTableViewCell.xib */,
				144818902BA8311E0031D234 /* Main.storyboard */,
				144818932BA831200031D234 /* Assets.xcassets */,
				144818952BA831200031D234 /* LaunchScreen.storyboard */,
				144818982BA831200031D234 /* Info.plist */,
				14A452EB2BA9A39C002468E4 /* DetailsViewController.swift */,
				14E354B22BAADA800076D2BE /* TagCollectionViewCell.swift */,
				14E354B32BAADA800076D2BE /* TagCollectionViewCell.xib */,
				14E354AF2BAA84190076D2BE /* DetailsViewController.xib */,
			);
			path = MyTodoList;
			sourceTree = "<group>";
		};
		144818A02BA831200031D234 /* MyTodoListTests */ = {
			isa = PBXGroup;
			children = (
				144818A12BA831200031D234 /* MyTodoListTests.swift */,
			);
			path = MyTodoListTests;
			sourceTree = "<group>";
		};
		144818AA2BA831200031D234 /* MyTodoListUITests */ = {
			isa = PBXGroup;
			children = (
				144818AB2BA831200031D234 /* MyTodoListUITests.swift */,
				144818AD2BA831200031D234 /* MyTodoListUITestsLaunchTests.swift */,
			);
			path = MyTodoListUITests;
			sourceTree = "<group>";
		};
		14A452A82BA9264E002468E4 /* Fonts */ = {
			isa = PBXGroup;
			children = (
				14A452AB2BA92F78002468E4 /* SSYoungestDaughter.ttf */,
				14A452A92BA9265D002468E4 /* BM-JUA.ttf */,
				14A452AD2BA93203002468E4 /* EF_Diary.ttf */,
			);
			path = Fonts;
			sourceTree = "<group>";
		};
/* End PBXGroup section */

/* Begin PBXNativeTarget section */
		144818862BA8311E0031D234 /* MyTodoList */ = {
			isa = PBXNativeTarget;
			buildConfigurationList = 144818B12BA831200031D234 /* Build configuration list for PBXNativeTarget "MyTodoList" */;
			buildPhases = (
				144818832BA8311E0031D234 /* Sources */,
				144818842BA8311E0031D234 /* Frameworks */,
				144818852BA8311E0031D234 /* Resources */,
			);
			buildRules = (
			);
			dependencies = (
			);
			name = MyTodoList;
			productName = MyTodoList;
			productReference = 144818872BA8311E0031D234 /* MyTodoList.app */;
			productType = "com.apple.product-type.application";
		};
		1448189C2BA831200031D234 /* MyTodoListTests */ = {
			isa = PBXNativeTarget;
			buildConfigurationList = 144818B42BA831200031D234 /* Build configuration list for PBXNativeTarget "MyTodoListTests" */;
			buildPhases = (
				144818992BA831200031D234 /* Sources */,
				1448189A2BA831200031D234 /* Frameworks */,
				1448189B2BA831200031D234 /* Resources */,
			);
			buildRules = (
			);
			dependencies = (
				1448189F2BA831200031D234 /* PBXTargetDependency */,
			);
			name = MyTodoListTests;
			productName = MyTodoListTests;
			productReference = 1448189D2BA831200031D234 /* MyTodoListTests.xctest */;
			productType = "com.apple.product-type.bundle.unit-test";
		};
		144818A62BA831200031D234 /* MyTodoListUITests */ = {
			isa = PBXNativeTarget;
			buildConfigurationList = 144818B72BA831200031D234 /* Build configuration list for PBXNativeTarget "MyTodoListUITests" */;
			buildPhases = (
				144818A32BA831200031D234 /* Sources */,
				144818A42BA831200031D234 /* Frameworks */,
				144818A52BA831200031D234 /* Resources */,
			);
			buildRules = (
			);
			dependencies = (
				144818A92BA831200031D234 /* PBXTargetDependency */,
			);
			name = MyTodoListUITests;
			productName = MyTodoListUITests;
			productReference = 144818A72BA831200031D234 /* MyTodoListUITests.xctest */;
			productType = "com.apple.product-type.bundle.ui-testing";
		};
/* End PBXNativeTarget section */

/* Begin PBXProject section */
		1448187F2BA8311E0031D234 /* Project object */ = {
			isa = PBXProject;
			attributes = {
				BuildIndependentTargetsInParallel = 1;
				LastSwiftUpdateCheck = 1530;
				LastUpgradeCheck = 1530;
				TargetAttributes = {
					144818862BA8311E0031D234 = {
						CreatedOnToolsVersion = 15.3;
					};
					1448189C2BA831200031D234 = {
						CreatedOnToolsVersion = 15.3;
						TestTargetID = 144818862BA8311E0031D234;
					};
					144818A62BA831200031D234 = {
						CreatedOnToolsVersion = 15.3;
						TestTargetID = 144818862BA8311E0031D234;
					};
				};
			};
			buildConfigurationList = 144818822BA8311E0031D234 /* Build configuration list for PBXProject "MyTodoList" */;
			compatibilityVersion = "Xcode 14.0";
			developmentRegion = en;
			hasScannedForEncodings = 0;
			knownRegions = (
				en,
				Base,
			);
			mainGroup = 1448187E2BA8311E0031D234;
			productRefGroup = 144818882BA8311E0031D234 /* Products */;
			projectDirPath = "";
			projectRoot = "";
			targets = (
				144818862BA8311E0031D234 /* MyTodoList */,
				1448189C2BA831200031D234 /* MyTodoListTests */,
				144818A62BA831200031D234 /* MyTodoListUITests */,
			);
		};
/* End PBXProject section */

/* Begin PBXResourcesBuildPhase section */
		144818852BA8311E0031D234 /* Resources */ = {
			isa = PBXResourcesBuildPhase;
			buildActionMask = 2147483647;
			files = (
				14A5071E2BA9BAE900AC43DD /* EF_Diary.ttf in Resources */,
				14E354B12BAA84190076D2BE /* DetailsViewController.xib in Resources */,
				14A452AC2BA9303B002468E4 /* SSYoungestDaughter.ttf in Resources */,
				14A452AA2BA9266E002468E4 /* BM-JUA.ttf in Resources */,
				144818942BA831200031D234 /* Assets.xcassets in Resources */,
				144818972BA831200031D234 /* Base in Resources */,
				14E354B42BAADA800076D2BE /* TagCollectionViewCell.xib in Resources */,
				144818922BA8311E0031D234 /* Base in Resources */,
				14974C452BA837D300228294 /* TodoTableViewCell.xib in Resources */,
			);
			runOnlyForDeploymentPostprocessing = 0;
		};
		1448189B2BA831200031D234 /* Resources */ = {
			isa = PBXResourcesBuildPhase;
			buildActionMask = 2147483647;
			files = (
			);
			runOnlyForDeploymentPostprocessing = 0;
		};
		144818A52BA831200031D234 /* Resources */ = {
			isa = PBXResourcesBuildPhase;
			buildActionMask = 2147483647;
			files = (
			);
			runOnlyForDeploymentPostprocessing = 0;
		};
/* End PBXResourcesBuildPhase section */

/* Begin PBXSourcesBuildPhase section */
		144818832BA8311E0031D234 /* Sources */ = {
			isa = PBXSourcesBuildPhase;
			buildActionMask = 2147483647;
			files = (
				14974C472BA8388200228294 /* Todo.swift in Sources */,
				1448188F2BA8311E0031D234 /* ViewController.swift in Sources */,
				1448188B2BA8311E0031D234 /* AppDelegate.swift in Sources */,
				14E354B52BAADA800076D2BE /* TagCollectionViewCell.swift in Sources */,
				1448188D2BA8311E0031D234 /* SceneDelegate.swift in Sources */,
				14974C442BA837D300228294 /* ToDoTableViewCell.swift in Sources */,
				14A452EC2BA9A39C002468E4 /* DetailsViewController.swift in Sources */,
			);
			runOnlyForDeploymentPostprocessing = 0;
		};
		144818992BA831200031D234 /* Sources */ = {
			isa = PBXSourcesBuildPhase;
			buildActionMask = 2147483647;
			files = (
				144818A22BA831200031D234 /* MyTodoListTests.swift in Sources */,
			);
			runOnlyForDeploymentPostprocessing = 0;
		};
		144818A32BA831200031D234 /* Sources */ = {
			isa = PBXSourcesBuildPhase;
			buildActionMask = 2147483647;
			files = (
				144818AE2BA831200031D234 /* MyTodoListUITestsLaunchTests.swift in Sources */,
				144818AC2BA831200031D234 /* MyTodoListUITests.swift in Sources */,
			);
			runOnlyForDeploymentPostprocessing = 0;
		};
/* End PBXSourcesBuildPhase section */

/* Begin PBXTargetDependency section */
		1448189F2BA831200031D234 /* PBXTargetDependency */ = {
			isa = PBXTargetDependency;
			target = 144818862BA8311E0031D234 /* MyTodoList */;
			targetProxy = 1448189E2BA831200031D234 /* PBXContainerItemProxy */;
		};
		144818A92BA831200031D234 /* PBXTargetDependency */ = {
			isa = PBXTargetDependency;
			target = 144818862BA8311E0031D234 /* MyTodoList */;
			targetProxy = 144818A82BA831200031D234 /* PBXContainerItemProxy */;
		};
/* End PBXTargetDependency section */

/* Begin PBXVariantGroup section */
		144818902BA8311E0031D234 /* Main.storyboard */ = {
			isa = PBXVariantGroup;
			children = (
				144818912BA8311E0031D234 /* Base */,
			);
			name = Main.storyboard;
			sourceTree = "<group>";
		};
		144818952BA831200031D234 /* LaunchScreen.storyboard */ = {
			isa = PBXVariantGroup;
			children = (
				144818962BA831200031D234 /* Base */,
			);
			name = LaunchScreen.storyboard;
			sourceTree = "<group>";
		};
/* End PBXVariantGroup section */

/* Begin XCBuildConfiguration section */
		144818AF2BA831200031D234 /* Debug */ = {
			isa = XCBuildConfiguration;
			buildSettings = {
				ALWAYS_SEARCH_USER_PATHS = NO;
				ASSETCATALOG_COMPILER_GENERATE_SWIFT_ASSET_SYMBOL_EXTENSIONS = YES;
				CLANG_ANALYZER_NONNULL = YES;
				CLANG_ANALYZER_NUMBER_OBJECT_CONVERSION = YES_AGGRESSIVE;
				CLANG_CXX_LANGUAGE_STANDARD = "gnu++20";
				CLANG_ENABLE_MODULES = YES;
				CLANG_ENABLE_OBJC_ARC = YES;
				CLANG_ENABLE_OBJC_WEAK = YES;
				CLANG_WARN_BLOCK_CAPTURE_AUTORELEASING = YES;
				CLANG_WARN_BOOL_CONVERSION = YES;
				CLANG_WARN_COMMA = YES;
				CLANG_WARN_CONSTANT_CONVERSION = YES;
				CLANG_WARN_DEPRECATED_OBJC_IMPLEMENTATIONS = YES;
				CLANG_WARN_DIRECT_OBJC_ISA_USAGE = YES_ERROR;
				CLANG_WARN_DOCUMENTATION_COMMENTS = YES;
				CLANG_WARN_EMPTY_BODY = YES;
				CLANG_WARN_ENUM_CONVERSION = YES;
				CLANG_WARN_INFINITE_RECURSION = YES;
				CLANG_WARN_INT_CONVERSION = YES;
				CLANG_WARN_NON_LITERAL_NULL_CONVERSION = YES;
				CLANG_WARN_OBJC_IMPLICIT_RETAIN_SELF = YES;
				CLANG_WARN_OBJC_LITERAL_CONVERSION = YES;
				CLANG_WARN_OBJC_ROOT_CLASS = YES_ERROR;
				CLANG_WARN_QUOTED_INCLUDE_IN_FRAMEWORK_HEADER = YES;
				CLANG_WARN_RANGE_LOOP_ANALYSIS = YES;
				CLANG_WARN_STRICT_PROTOTYPES = YES;
				CLANG_WARN_SUSPICIOUS_MOVE = YES;
				CLANG_WARN_UNGUARDED_AVAILABILITY = YES_AGGRESSIVE;
				CLANG_WARN_UNREACHABLE_CODE = YES;
				CLANG_WARN__DUPLICATE_METHOD_MATCH = YES;
				COPY_PHASE_STRIP = NO;
				DEBUG_INFORMATION_FORMAT = dwarf;
				ENABLE_STRICT_OBJC_MSGSEND = YES;
				ENABLE_TESTABILITY = YES;
				ENABLE_USER_SCRIPT_SANDBOXING = YES;
				GCC_C_LANGUAGE_STANDARD = gnu17;
				GCC_DYNAMIC_NO_PIC = NO;
				GCC_NO_COMMON_BLOCKS = YES;
				GCC_OPTIMIZATION_LEVEL = 0;
				GCC_PREPROCESSOR_DEFINITIONS = (
					"DEBUG=1",
					"$(inherited)",
				);
				GCC_WARN_64_TO_32_BIT_CONVERSION = YES;
				GCC_WARN_ABOUT_RETURN_TYPE = YES_ERROR;
				GCC_WARN_UNDECLARED_SELECTOR = YES;
				GCC_WARN_UNINITIALIZED_AUTOS = YES_AGGRESSIVE;
				GCC_WARN_UNUSED_FUNCTION = YES;
				GCC_WARN_UNUSED_VARIABLE = YES;
				IPHONEOS_DEPLOYMENT_TARGET = 17.4;
				LOCALIZATION_PREFERS_STRING_CATALOGS = YES;
				MTL_ENABLE_DEBUG_INFO = INCLUDE_SOURCE;
				MTL_FAST_MATH = YES;
				ONLY_ACTIVE_ARCH = YES;
				SDKROOT = iphoneos;
				SWIFT_ACTIVE_COMPILATION_CONDITIONS = "DEBUG $(inherited)";
				SWIFT_OPTIMIZATION_LEVEL = "-Onone";
			};
			name = Debug;
		};
		144818B02BA831200031D234 /* Release */ = {
			isa = XCBuildConfiguration;
			buildSettings = {
				ALWAYS_SEARCH_USER_PATHS = NO;
				ASSETCATALOG_COMPILER_GENERATE_SWIFT_ASSET_SYMBOL_EXTENSIONS = YES;
				CLANG_ANALYZER_NONNULL = YES;
				CLANG_ANALYZER_NUMBER_OBJECT_CONVERSION = YES_AGGRESSIVE;
				CLANG_CXX_LANGUAGE_STANDARD = "gnu++20";
				CLANG_ENABLE_MODULES = YES;
				CLANG_ENABLE_OBJC_ARC = YES;
				CLANG_ENABLE_OBJC_WEAK = YES;
				CLANG_WARN_BLOCK_CAPTURE_AUTORELEASING = YES;
				CLANG_WARN_BOOL_CONVERSION = YES;
				CLANG_WARN_COMMA = YES;
				CLANG_WARN_CONSTANT_CONVERSION = YES;
				CLANG_WARN_DEPRECATED_OBJC_IMPLEMENTATIONS = YES;
				CLANG_WARN_DIRECT_OBJC_ISA_USAGE = YES_ERROR;
				CLANG_WARN_DOCUMENTATION_COMMENTS = YES;
				CLANG_WARN_EMPTY_BODY = YES;
				CLANG_WARN_ENUM_CONVERSION = YES;
				CLANG_WARN_INFINITE_RECURSION = YES;
				CLANG_WARN_INT_CONVERSION = YES;
				CLANG_WARN_NON_LITERAL_NULL_CONVERSION = YES;
				CLANG_WARN_OBJC_IMPLICIT_RETAIN_SELF = YES;
				CLANG_WARN_OBJC_LITERAL_CONVERSION = YES;
				CLANG_WARN_OBJC_ROOT_CLASS = YES_ERROR;
				CLANG_WARN_QUOTED_INCLUDE_IN_FRAMEWORK_HEADER = YES;
				CLANG_WARN_RANGE_LOOP_ANALYSIS = YES;
				CLANG_WARN_STRICT_PROTOTYPES = YES;
				CLANG_WARN_SUSPICIOUS_MOVE = YES;
				CLANG_WARN_UNGUARDED_AVAILABILITY = YES_AGGRESSIVE;
				CLANG_WARN_UNREACHABLE_CODE = YES;
				CLANG_WARN__DUPLICATE_METHOD_MATCH = YES;
				COPY_PHASE_STRIP = NO;
				DEBUG_INFORMATION_FORMAT = "dwarf-with-dsym";
				ENABLE_NS_ASSERTIONS = NO;
				ENABLE_STRICT_OBJC_MSGSEND = YES;
				ENABLE_USER_SCRIPT_SANDBOXING = YES;
				GCC_C_LANGUAGE_STANDARD = gnu17;
				GCC_NO_COMMON_BLOCKS = YES;
				GCC_WARN_64_TO_32_BIT_CONVERSION = YES;
				GCC_WARN_ABOUT_RETURN_TYPE = YES_ERROR;
				GCC_WARN_UNDECLARED_SELECTOR = YES;
				GCC_WARN_UNINITIALIZED_AUTOS = YES_AGGRESSIVE;
				GCC_WARN_UNUSED_FUNCTION = YES;
				GCC_WARN_UNUSED_VARIABLE = YES;
				IPHONEOS_DEPLOYMENT_TARGET = 17.4;
				LOCALIZATION_PREFERS_STRING_CATALOGS = YES;
				MTL_ENABLE_DEBUG_INFO = NO;
				MTL_FAST_MATH = YES;
				SDKROOT = iphoneos;
				SWIFT_COMPILATION_MODE = wholemodule;
				VALIDATE_PRODUCT = YES;
			};
			name = Release;
		};
		144818B22BA831200031D234 /* Debug */ = {
			isa = XCBuildConfiguration;
			buildSettings = {
				ASSETCATALOG_COMPILER_APPICON_NAME = AppIcon;
				ASSETCATALOG_COMPILER_GLOBAL_ACCENT_COLOR_NAME = AccentColor;
				CODE_SIGN_STYLE = Automatic;
				CURRENT_PROJECT_VERSION = 1;
				DEVELOPMENT_TEAM = 27X8924SNC;
				GENERATE_INFOPLIST_FILE = YES;
				INFOPLIST_FILE = MyTodoList/Info.plist;
				INFOPLIST_KEY_CFBundleDisplayName = TodoList;
				INFOPLIST_KEY_UIApplicationSupportsIndirectInputEvents = YES;
				INFOPLIST_KEY_UILaunchStoryboardName = LaunchScreen;
				INFOPLIST_KEY_UIMainStoryboardFile = Main;
				INFOPLIST_KEY_UISupportedInterfaceOrientations_iPad = "UIInterfaceOrientationPortrait UIInterfaceOrientationPortraitUpsideDown UIInterfaceOrientationLandscapeLeft UIInterfaceOrientationLandscapeRight";
				INFOPLIST_KEY_UISupportedInterfaceOrientations_iPhone = "UIInterfaceOrientationPortrait UIInterfaceOrientationLandscapeLeft UIInterfaceOrientationLandscapeRight";
				IPHONEOS_DEPLOYMENT_TARGET = 17.0;
				LD_RUNPATH_SEARCH_PATHS = (
					"$(inherited)",
					"@executable_path/Frameworks",
				);
				MARKETING_VERSION = 1.0;
				PRODUCT_BUNDLE_IDENTIFIER = com.Seungwon.MyTodoList;
				PRODUCT_NAME = "$(TARGET_NAME)";
				SWIFT_EMIT_LOC_STRINGS = YES;
				SWIFT_VERSION = 5.0;
				TARGETED_DEVICE_FAMILY = "1,2";
			};
			name = Debug;
		};
		144818B32BA831200031D234 /* Release */ = {
			isa = XCBuildConfiguration;
			buildSettings = {
				ASSETCATALOG_COMPILER_APPICON_NAME = AppIcon;
				ASSETCATALOG_COMPILER_GLOBAL_ACCENT_COLOR_NAME = AccentColor;
				CODE_SIGN_STYLE = Automatic;
				CURRENT_PROJECT_VERSION = 1;
				DEVELOPMENT_TEAM = 27X8924SNC;
				GENERATE_INFOPLIST_FILE = YES;
				INFOPLIST_FILE = MyTodoList/Info.plist;
				INFOPLIST_KEY_CFBundleDisplayName = TodoList;
				INFOPLIST_KEY_UIApplicationSupportsIndirectInputEvents = YES;
				INFOPLIST_KEY_UILaunchStoryboardName = LaunchScreen;
				INFOPLIST_KEY_UIMainStoryboardFile = Main;
				INFOPLIST_KEY_UISupportedInterfaceOrientations_iPad = "UIInterfaceOrientationPortrait UIInterfaceOrientationPortraitUpsideDown UIInterfaceOrientationLandscapeLeft UIInterfaceOrientationLandscapeRight";
				INFOPLIST_KEY_UISupportedInterfaceOrientations_iPhone = "UIInterfaceOrientationPortrait UIInterfaceOrientationLandscapeLeft UIInterfaceOrientationLandscapeRight";
				IPHONEOS_DEPLOYMENT_TARGET = 17.0;
				LD_RUNPATH_SEARCH_PATHS = (
					"$(inherited)",
					"@executable_path/Frameworks",
				);
				MARKETING_VERSION = 1.0;
				PRODUCT_BUNDLE_IDENTIFIER = com.Seungwon.MyTodoList;
				PRODUCT_NAME = "$(TARGET_NAME)";
				SWIFT_EMIT_LOC_STRINGS = YES;
				SWIFT_VERSION = 5.0;
				TARGETED_DEVICE_FAMILY = "1,2";
			};
			name = Release;
		};
		144818B52BA831200031D234 /* Debug */ = {
			isa = XCBuildConfiguration;
			buildSettings = {
				ALWAYS_EMBED_SWIFT_STANDARD_LIBRARIES = YES;
				BUNDLE_LOADER = "$(TEST_HOST)";
				CODE_SIGN_STYLE = Automatic;
				CURRENT_PROJECT_VERSION = 1;
				DEVELOPMENT_TEAM = 27X8924SNC;
				GENERATE_INFOPLIST_FILE = YES;
				IPHONEOS_DEPLOYMENT_TARGET = 17.4;
				MARKETING_VERSION = 1.0;
				PRODUCT_BUNDLE_IDENTIFIER = com.Seungwon.MyTodoListTests;
				PRODUCT_NAME = "$(TARGET_NAME)";
				SWIFT_EMIT_LOC_STRINGS = NO;
				SWIFT_VERSION = 5.0;
				TARGETED_DEVICE_FAMILY = "1,2";
				TEST_HOST = "$(BUILT_PRODUCTS_DIR)/MyTodoList.app/$(BUNDLE_EXECUTABLE_FOLDER_PATH)/MyTodoList";
			};
			name = Debug;
		};
		144818B62BA831200031D234 /* Release */ = {
			isa = XCBuildConfiguration;
			buildSettings = {
				ALWAYS_EMBED_SWIFT_STANDARD_LIBRARIES = YES;
				BUNDLE_LOADER = "$(TEST_HOST)";
				CODE_SIGN_STYLE = Automatic;
				CURRENT_PROJECT_VERSION = 1;
				DEVELOPMENT_TEAM = 27X8924SNC;
				GENERATE_INFOPLIST_FILE = YES;
				IPHONEOS_DEPLOYMENT_TARGET = 17.4;
				MARKETING_VERSION = 1.0;
				PRODUCT_BUNDLE_IDENTIFIER = com.Seungwon.MyTodoListTests;
				PRODUCT_NAME = "$(TARGET_NAME)";
				SWIFT_EMIT_LOC_STRINGS = NO;
				SWIFT_VERSION = 5.0;
				TARGETED_DEVICE_FAMILY = "1,2";
				TEST_HOST = "$(BUILT_PRODUCTS_DIR)/MyTodoList.app/$(BUNDLE_EXECUTABLE_FOLDER_PATH)/MyTodoList";
			};
			name = Release;
		};
		144818B82BA831200031D234 /* Debug */ = {
			isa = XCBuildConfiguration;
			buildSettings = {
				ALWAYS_EMBED_SWIFT_STANDARD_LIBRARIES = YES;
				CODE_SIGN_STYLE = Automatic;
				CURRENT_PROJECT_VERSION = 1;
				DEVELOPMENT_TEAM = 27X8924SNC;
				GENERATE_INFOPLIST_FILE = YES;
				MARKETING_VERSION = 1.0;
				PRODUCT_BUNDLE_IDENTIFIER = com.Seungwon.MyTodoListUITests;
				PRODUCT_NAME = "$(TARGET_NAME)";
				SWIFT_EMIT_LOC_STRINGS = NO;
				SWIFT_VERSION = 5.0;
				TARGETED_DEVICE_FAMILY = "1,2";
				TEST_TARGET_NAME = MyTodoList;
			};
			name = Debug;
		};
		144818B92BA831200031D234 /* Release */ = {
			isa = XCBuildConfiguration;
			buildSettings = {
				ALWAYS_EMBED_SWIFT_STANDARD_LIBRARIES = YES;
				CODE_SIGN_STYLE = Automatic;
				CURRENT_PROJECT_VERSION = 1;
				DEVELOPMENT_TEAM = 27X8924SNC;
				GENERATE_INFOPLIST_FILE = YES;
				MARKETING_VERSION = 1.0;
				PRODUCT_BUNDLE_IDENTIFIER = com.Seungwon.MyTodoListUITests;
				PRODUCT_NAME = "$(TARGET_NAME)";
				SWIFT_EMIT_LOC_STRINGS = NO;
				SWIFT_VERSION = 5.0;
				TARGETED_DEVICE_FAMILY = "1,2";
				TEST_TARGET_NAME = MyTodoList;
			};
			name = Release;
		};
/* End XCBuildConfiguration section */

/* Begin XCConfigurationList section */
		144818822BA8311E0031D234 /* Build configuration list for PBXProject "MyTodoList" */ = {
			isa = XCConfigurationList;
			buildConfigurations = (
				144818AF2BA831200031D234 /* Debug */,
				144818B02BA831200031D234 /* Release */,
			);
			defaultConfigurationIsVisible = 0;
			defaultConfigurationName = Release;
		};
		144818B12BA831200031D234 /* Build configuration list for PBXNativeTarget "MyTodoList" */ = {
			isa = XCConfigurationList;
			buildConfigurations = (
				144818B22BA831200031D234 /* Debug */,
				144818B32BA831200031D234 /* Release */,
			);
			defaultConfigurationIsVisible = 0;
			defaultConfigurationName = Release;
		};
		144818B42BA831200031D234 /* Build configuration list for PBXNativeTarget "MyTodoListTests" */ = {
			isa = XCConfigurationList;
			buildConfigurations = (
				144818B52BA831200031D234 /* Debug */,
				144818B62BA831200031D234 /* Release */,
			);
			defaultConfigurationIsVisible = 0;
			defaultConfigurationName = Release;
		};
		144818B72BA831200031D234 /* Build configuration list for PBXNativeTarget "MyTodoListUITests" */ = {
			isa = XCConfigurationList;
			buildConfigurations = (
				144818B82BA831200031D234 /* Debug */,
				144818B92BA831200031D234 /* Release */,
			);
			defaultConfigurationIsVisible = 0;
			defaultConfigurationName = Release;
		};
/* End XCConfigurationList section */
	};
	rootObject = 1448187F2BA8311E0031D234 /* Project object */;
}
