// !$*UTF8*$!
{
	archiveVersion = 1;
	classes = {
	};
	objectVersion = 56;
	objects = {

/* Begin PBXBuildFile section */
		145486B52BBD9E7900720B31 /* Kingfisher in Frameworks */ = {isa = PBXBuildFile; productRef = 145486B42BBD9E7900720B31 /* Kingfisher */; };
		1470DF802BBCE0E100BD8301 /* Config.xcconfig in Resources */ = {isa = PBXBuildFile; fileRef = 1470DF7F2BBCE0E100BD8301 /* Config.xcconfig */; };
		1470DF822BBCE62A00BD8301 /* Configuration.swift in Sources */ = {isa = PBXBuildFile; fileRef = 1470DF812BBCE62A00BD8301 /* Configuration.swift */; };
		148C7DE02BB65859002D1AE9 /* AppDelegate.swift in Sources */ = {isa = PBXBuildFile; fileRef = 148C7DDF2BB65859002D1AE9 /* AppDelegate.swift */; };
		148C7DE22BB65859002D1AE9 /* SceneDelegate.swift in Sources */ = {isa = PBXBuildFile; fileRef = 148C7DE12BB65859002D1AE9 /* SceneDelegate.swift */; };
		148C7DE42BB65859002D1AE9 /* ViewController.swift in Sources */ = {isa = PBXBuildFile; fileRef = 148C7DE32BB65859002D1AE9 /* ViewController.swift */; };
		148C7DE72BB65859002D1AE9 /* Base in Resources */ = {isa = PBXBuildFile; fileRef = 148C7DE62BB65859002D1AE9 /* Base */; };
		148C7DE92BB6585A002D1AE9 /* Assets.xcassets in Resources */ = {isa = PBXBuildFile; fileRef = 148C7DE82BB6585A002D1AE9 /* Assets.xcassets */; };
		148C7DEC2BB6585A002D1AE9 /* Base in Resources */ = {isa = PBXBuildFile; fileRef = 148C7DEB2BB6585A002D1AE9 /* Base */; };
		148C7DF72BB6585A002D1AE9 /* ApiTestTests.swift in Sources */ = {isa = PBXBuildFile; fileRef = 148C7DF62BB6585A002D1AE9 /* ApiTestTests.swift */; };
		148C7E012BB6585A002D1AE9 /* ApiTestUITests.swift in Sources */ = {isa = PBXBuildFile; fileRef = 148C7E002BB6585A002D1AE9 /* ApiTestUITests.swift */; };
		148C7E032BB6585A002D1AE9 /* ApiTestUITestsLaunchTests.swift in Sources */ = {isa = PBXBuildFile; fileRef = 148C7E022BB6585A002D1AE9 /* ApiTestUITestsLaunchTests.swift */; };
		148C7E122BB65883002D1AE9 /* User.swift in Sources */ = {isa = PBXBuildFile; fileRef = 148C7E112BB65883002D1AE9 /* User.swift */; };
		148C7E142BB6588B002D1AE9 /* UserModel.swift in Sources */ = {isa = PBXBuildFile; fileRef = 148C7E132BB6588B002D1AE9 /* UserModel.swift */; };
		148C7E172BB66054002D1AE9 /* Repo.swift in Sources */ = {isa = PBXBuildFile; fileRef = 148C7E162BB66054002D1AE9 /* Repo.swift */; };
		148C7E1B2BB6606B002D1AE9 /* RepoModel.swift in Sources */ = {isa = PBXBuildFile; fileRef = 148C7E1A2BB6606B002D1AE9 /* RepoModel.swift */; };
		148EDE532BBBDC800051E8D6 /* ProfileTableViewCell.xib in Resources */ = {isa = PBXBuildFile; fileRef = 148EDE522BBBDC800051E8D6 /* ProfileTableViewCell.xib */; };
		148EDE542BBBDC800051E8D6 /* ProfileTableViewCell.swift in Sources */ = {isa = PBXBuildFile; fileRef = 148EDE512BBBDC800051E8D6 /* ProfileTableViewCell.swift */; };
		14A661FB2BB9577800706860 /* Alamofire in Frameworks */ = {isa = PBXBuildFile; productRef = 14A661FA2BB9577800706860 /* Alamofire */; };
		14A661FD2BB9577800706860 /* AlamofireDynamic in Frameworks */ = {isa = PBXBuildFile; productRef = 14A661FC2BB9577800706860 /* AlamofireDynamic */; };
/* End PBXBuildFile section */

/* Begin PBXContainerItemProxy section */
		148C7DF32BB6585A002D1AE9 /* PBXContainerItemProxy */ = {
			isa = PBXContainerItemProxy;
			containerPortal = 148C7DD42BB65859002D1AE9 /* Project object */;
			proxyType = 1;
			remoteGlobalIDString = 148C7DDB2BB65859002D1AE9;
			remoteInfo = ApiTest;
		};
		148C7DFD2BB6585A002D1AE9 /* PBXContainerItemProxy */ = {
			isa = PBXContainerItemProxy;
			containerPortal = 148C7DD42BB65859002D1AE9 /* Project object */;
			proxyType = 1;
			remoteGlobalIDString = 148C7DDB2BB65859002D1AE9;
			remoteInfo = ApiTest;
		};
/* End PBXContainerItemProxy section */

/* Begin PBXFileReference section */
		1470DF7F2BBCE0E100BD8301 /* Config.xcconfig */ = {isa = PBXFileReference; lastKnownFileType = text.xcconfig; path = Config.xcconfig; sourceTree = "<group>"; };
		1470DF812BBCE62A00BD8301 /* Configuration.swift */ = {isa = PBXFileReference; fileEncoding = 4; lastKnownFileType = sourcecode.swift; path = Configuration.swift; sourceTree = "<group>"; };
		148C7DDC2BB65859002D1AE9 /* GithubProfile.app */ = {isa = PBXFileReference; explicitFileType = wrapper.application; includeInIndex = 0; path = GithubProfile.app; sourceTree = BUILT_PRODUCTS_DIR; };
		148C7DDF2BB65859002D1AE9 /* AppDelegate.swift */ = {isa = PBXFileReference; lastKnownFileType = sourcecode.swift; path = AppDelegate.swift; sourceTree = "<group>"; };
		148C7DE12BB65859002D1AE9 /* SceneDelegate.swift */ = {isa = PBXFileReference; lastKnownFileType = sourcecode.swift; path = SceneDelegate.swift; sourceTree = "<group>"; };
		148C7DE32BB65859002D1AE9 /* ViewController.swift */ = {isa = PBXFileReference; lastKnownFileType = sourcecode.swift; path = ViewController.swift; sourceTree = "<group>"; };
		148C7DE62BB65859002D1AE9 /* Base */ = {isa = PBXFileReference; lastKnownFileType = file.storyboard; name = Base; path = Base.lproj/Main.storyboard; sourceTree = "<group>"; };
		148C7DE82BB6585A002D1AE9 /* Assets.xcassets */ = {isa = PBXFileReference; lastKnownFileType = folder.assetcatalog; path = Assets.xcassets; sourceTree = "<group>"; };
		148C7DEB2BB6585A002D1AE9 /* Base */ = {isa = PBXFileReference; lastKnownFileType = file.storyboard; name = Base; path = Base.lproj/LaunchScreen.storyboard; sourceTree = "<group>"; };
		148C7DED2BB6585A002D1AE9 /* Info.plist */ = {isa = PBXFileReference; lastKnownFileType = text.plist.xml; path = Info.plist; sourceTree = "<group>"; };
		148C7DF22BB6585A002D1AE9 /* GithubProfileTests.xctest */ = {isa = PBXFileReference; explicitFileType = wrapper.cfbundle; includeInIndex = 0; path = GithubProfileTests.xctest; sourceTree = BUILT_PRODUCTS_DIR; };
		148C7DF62BB6585A002D1AE9 /* ApiTestTests.swift */ = {isa = PBXFileReference; lastKnownFileType = sourcecode.swift; path = ApiTestTests.swift; sourceTree = "<group>"; };
		148C7DFC2BB6585A002D1AE9 /* GithubProfileUITests.xctest */ = {isa = PBXFileReference; explicitFileType = wrapper.cfbundle; includeInIndex = 0; path = GithubProfileUITests.xctest; sourceTree = BUILT_PRODUCTS_DIR; };
		148C7E002BB6585A002D1AE9 /* ApiTestUITests.swift */ = {isa = PBXFileReference; lastKnownFileType = sourcecode.swift; path = ApiTestUITests.swift; sourceTree = "<group>"; };
		148C7E022BB6585A002D1AE9 /* ApiTestUITestsLaunchTests.swift */ = {isa = PBXFileReference; lastKnownFileType = sourcecode.swift; path = ApiTestUITestsLaunchTests.swift; sourceTree = "<group>"; };
		148C7E112BB65883002D1AE9 /* User.swift */ = {isa = PBXFileReference; lastKnownFileType = sourcecode.swift; path = User.swift; sourceTree = "<group>"; };
		148C7E132BB6588B002D1AE9 /* UserModel.swift */ = {isa = PBXFileReference; lastKnownFileType = sourcecode.swift; path = UserModel.swift; sourceTree = "<group>"; };
		148C7E162BB66054002D1AE9 /* Repo.swift */ = {isa = PBXFileReference; lastKnownFileType = sourcecode.swift; path = Repo.swift; sourceTree = "<group>"; };
		148C7E1A2BB6606B002D1AE9 /* RepoModel.swift */ = {isa = PBXFileReference; lastKnownFileType = sourcecode.swift; path = RepoModel.swift; sourceTree = "<group>"; };
		148EDE512BBBDC800051E8D6 /* ProfileTableViewCell.swift */ = {isa = PBXFileReference; lastKnownFileType = sourcecode.swift; path = ProfileTableViewCell.swift; sourceTree = "<group>"; };
		148EDE522BBBDC800051E8D6 /* ProfileTableViewCell.xib */ = {isa = PBXFileReference; lastKnownFileType = file.xib; path = ProfileTableViewCell.xib; sourceTree = "<group>"; };
/* End PBXFileReference section */

/* Begin PBXFrameworksBuildPhase section */
		148C7DD92BB65859002D1AE9 /* Frameworks */ = {
			isa = PBXFrameworksBuildPhase;
			buildActionMask = 2147483647;
			files = (
				145486B52BBD9E7900720B31 /* Kingfisher in Frameworks */,
				14A661FB2BB9577800706860 /* Alamofire in Frameworks */,
				14A661FD2BB9577800706860 /* AlamofireDynamic in Frameworks */,
			);
			runOnlyForDeploymentPostprocessing = 0;
		};
		148C7DEF2BB6585A002D1AE9 /* Frameworks */ = {
			isa = PBXFrameworksBuildPhase;
			buildActionMask = 2147483647;
			files = (
			);
			runOnlyForDeploymentPostprocessing = 0;
		};
		148C7DF92BB6585A002D1AE9 /* Frameworks */ = {
			isa = PBXFrameworksBuildPhase;
			buildActionMask = 2147483647;
			files = (
			);
			runOnlyForDeploymentPostprocessing = 0;
		};
/* End PBXFrameworksBuildPhase section */

/* Begin PBXGroup section */
		148C7DD32BB65859002D1AE9 = {
			isa = PBXGroup;
			children = (
				1470DF7F2BBCE0E100BD8301 /* Config.xcconfig */,
				148C7DDE2BB65859002D1AE9 /* GithubProfile */,
				148C7DF52BB6585A002D1AE9 /* GithubProfiletests */,
				148C7DFF2BB6585A002D1AE9 /* GithubProfileUITests */,
				148C7DDD2BB65859002D1AE9 /* Products */,
			);
			sourceTree = "<group>";
		};
		148C7DDD2BB65859002D1AE9 /* Products */ = {
			isa = PBXGroup;
			children = (
				148C7DDC2BB65859002D1AE9 /* GithubProfile.app */,
				148C7DF22BB6585A002D1AE9 /* GithubProfileTests.xctest */,
				148C7DFC2BB6585A002D1AE9 /* GithubProfileUITests.xctest */,
			);
			name = Products;
			sourceTree = "<group>";
		};
		148C7DDE2BB65859002D1AE9 /* GithubProfile */ = {
			isa = PBXGroup;
			children = (
				14C18B852BBB9A5F001FA154 /* ViewController */,
				148C7E102BB65874002D1AE9 /* Model */,
				148C7DDF2BB65859002D1AE9 /* AppDelegate.swift */,
				148C7DE12BB65859002D1AE9 /* SceneDelegate.swift */,
				1470DF812BBCE62A00BD8301 /* Configuration.swift */,
				148C7DE82BB6585A002D1AE9 /* Assets.xcassets */,
				148C7DEA2BB6585A002D1AE9 /* LaunchScreen.storyboard */,
				148C7DED2BB6585A002D1AE9 /* Info.plist */,
			);
			path = GithubProfile;
			sourceTree = "<group>";
		};
		148C7DF52BB6585A002D1AE9 /* GithubProfiletests */ = {
			isa = PBXGroup;
			children = (
				148C7DF62BB6585A002D1AE9 /* ApiTestTests.swift */,
			);
			path = GithubProfiletests;
			sourceTree = "<group>";
		};
		148C7DFF2BB6585A002D1AE9 /* GithubProfileUITests */ = {
			isa = PBXGroup;
			children = (
				148C7E002BB6585A002D1AE9 /* ApiTestUITests.swift */,
				148C7E022BB6585A002D1AE9 /* ApiTestUITestsLaunchTests.swift */,
			);
			path = GithubProfileUITests;
			sourceTree = "<group>";
		};
		148C7E102BB65874002D1AE9 /* Model */ = {
			isa = PBXGroup;
			children = (
				148C7E182BB6605A002D1AE9 /* Repo */,
				148C7E152BB6603D002D1AE9 /* User */,
			);
			path = Model;
			sourceTree = "<group>";
		};
		148C7E152BB6603D002D1AE9 /* User */ = {
			isa = PBXGroup;
			children = (
				148C7E112BB65883002D1AE9 /* User.swift */,
				148C7E132BB6588B002D1AE9 /* UserModel.swift */,
			);
			path = User;
			sourceTree = "<group>";
		};
		148C7E182BB6605A002D1AE9 /* Repo */ = {
			isa = PBXGroup;
			children = (
				148C7E162BB66054002D1AE9 /* Repo.swift */,
				148C7E1A2BB6606B002D1AE9 /* RepoModel.swift */,
			);
			path = Repo;
			sourceTree = "<group>";
		};
		14C18B852BBB9A5F001FA154 /* ViewController */ = {
			isa = PBXGroup;
			children = (
				148C7DE32BB65859002D1AE9 /* ViewController.swift */,
				148C7DE52BB65859002D1AE9 /* Main.storyboard */,
				148EDE512BBBDC800051E8D6 /* ProfileTableViewCell.swift */,
				148EDE522BBBDC800051E8D6 /* ProfileTableViewCell.xib */,
			);
			path = ViewController;
			sourceTree = "<group>";
		};
/* End PBXGroup section */

/* Begin PBXNativeTarget section */
		148C7DDB2BB65859002D1AE9 /* GithubProfile */ = {
			isa = PBXNativeTarget;
			buildConfigurationList = 148C7E062BB6585A002D1AE9 /* Build configuration list for PBXNativeTarget "GithubProfile" */;
			buildPhases = (
				148C7DD82BB65859002D1AE9 /* Sources */,
				148C7DD92BB65859002D1AE9 /* Frameworks */,
				148C7DDA2BB65859002D1AE9 /* Resources */,
			);
			buildRules = (
			);
			dependencies = (
			);
			name = GithubProfile;
			packageProductDependencies = (
				14A661FA2BB9577800706860 /* Alamofire */,
				14A661FC2BB9577800706860 /* AlamofireDynamic */,
				145486B42BBD9E7900720B31 /* Kingfisher */,
			);
			productName = ApiTest;
			productReference = 148C7DDC2BB65859002D1AE9 /* GithubProfile.app */;
			productType = "com.apple.product-type.application";
		};
		148C7DF12BB6585A002D1AE9 /* GithubProfileTests */ = {
			isa = PBXNativeTarget;
			buildConfigurationList = 148C7E092BB6585A002D1AE9 /* Build configuration list for PBXNativeTarget "GithubProfileTests" */;
			buildPhases = (
				148C7DEE2BB6585A002D1AE9 /* Sources */,
				148C7DEF2BB6585A002D1AE9 /* Frameworks */,
				148C7DF02BB6585A002D1AE9 /* Resources */,
			);
			buildRules = (
			);
			dependencies = (
				148C7DF42BB6585A002D1AE9 /* PBXTargetDependency */,
			);
			name = GithubProfileTests;
			productName = ApiTestTests;
			productReference = 148C7DF22BB6585A002D1AE9 /* GithubProfileTests.xctest */;
			productType = "com.apple.product-type.bundle.unit-test";
		};
		148C7DFB2BB6585A002D1AE9 /* GithubProfileUITests */ = {
			isa = PBXNativeTarget;
			buildConfigurationList = 148C7E0C2BB6585A002D1AE9 /* Build configuration list for PBXNativeTarget "GithubProfileUITests" */;
			buildPhases = (
				148C7DF82BB6585A002D1AE9 /* Sources */,
				148C7DF92BB6585A002D1AE9 /* Frameworks */,
				148C7DFA2BB6585A002D1AE9 /* Resources */,
			);
			buildRules = (
			);
			dependencies = (
				148C7DFE2BB6585A002D1AE9 /* PBXTargetDependency */,
			);
			name = GithubProfileUITests;
			productName = ApiTestUITests;
			productReference = 148C7DFC2BB6585A002D1AE9 /* GithubProfileUITests.xctest */;
			productType = "com.apple.product-type.bundle.ui-testing";
		};
/* End PBXNativeTarget section */

/* Begin PBXProject section */
		148C7DD42BB65859002D1AE9 /* Project object */ = {
			isa = PBXProject;
			attributes = {
				BuildIndependentTargetsInParallel = 1;
				LastSwiftUpdateCheck = 1530;
				LastUpgradeCheck = 1530;
				TargetAttributes = {
					148C7DDB2BB65859002D1AE9 = {
						CreatedOnToolsVersion = 15.3;
					};
					148C7DF12BB6585A002D1AE9 = {
						CreatedOnToolsVersion = 15.3;
						TestTargetID = 148C7DDB2BB65859002D1AE9;
					};
					148C7DFB2BB6585A002D1AE9 = {
						CreatedOnToolsVersion = 15.3;
						TestTargetID = 148C7DDB2BB65859002D1AE9;
					};
				};
			};
			buildConfigurationList = 148C7DD72BB65859002D1AE9 /* Build configuration list for PBXProject "GithubProfile" */;
			compatibilityVersion = "Xcode 14.0";
			developmentRegion = en;
			hasScannedForEncodings = 0;
			knownRegions = (
				en,
				Base,
			);
			mainGroup = 148C7DD32BB65859002D1AE9;
			packageReferences = (
				14A661F92BB9577800706860 /* XCRemoteSwiftPackageReference "Alamofire" */,
				145486B32BBD9E7900720B31 /* XCRemoteSwiftPackageReference "Kingfisher" */,
			);
			productRefGroup = 148C7DDD2BB65859002D1AE9 /* Products */;
			projectDirPath = "";
			projectRoot = "";
			targets = (
				148C7DDB2BB65859002D1AE9 /* GithubProfile */,
				148C7DF12BB6585A002D1AE9 /* GithubProfileTests */,
				148C7DFB2BB6585A002D1AE9 /* GithubProfileUITests */,
			);
		};
/* End PBXProject section */

/* Begin PBXResourcesBuildPhase section */
		148C7DDA2BB65859002D1AE9 /* Resources */ = {
			isa = PBXResourcesBuildPhase;
			buildActionMask = 2147483647;
			files = (
				148C7DE92BB6585A002D1AE9 /* Assets.xcassets in Resources */,
				1470DF802BBCE0E100BD8301 /* Config.xcconfig in Resources */,
				148EDE532BBBDC800051E8D6 /* ProfileTableViewCell.xib in Resources */,
				148C7DEC2BB6585A002D1AE9 /* Base in Resources */,
				148C7DE72BB65859002D1AE9 /* Base in Resources */,
			);
			runOnlyForDeploymentPostprocessing = 0;
		};
		148C7DF02BB6585A002D1AE9 /* Resources */ = {
			isa = PBXResourcesBuildPhase;
			buildActionMask = 2147483647;
			files = (
			);
			runOnlyForDeploymentPostprocessing = 0;
		};
		148C7DFA2BB6585A002D1AE9 /* Resources */ = {
			isa = PBXResourcesBuildPhase;
			buildActionMask = 2147483647;
			files = (
			);
			runOnlyForDeploymentPostprocessing = 0;
		};
/* End PBXResourcesBuildPhase section */

/* Begin PBXSourcesBuildPhase section */
		148C7DD82BB65859002D1AE9 /* Sources */ = {
			isa = PBXSourcesBuildPhase;
			buildActionMask = 2147483647;
			files = (
				148C7E122BB65883002D1AE9 /* User.swift in Sources */,
				148C7E1B2BB6606B002D1AE9 /* RepoModel.swift in Sources */,
				148C7DE42BB65859002D1AE9 /* ViewController.swift in Sources */,
				1470DF822BBCE62A00BD8301 /* Configuration.swift in Sources */,
				148EDE542BBBDC800051E8D6 /* ProfileTableViewCell.swift in Sources */,
				148C7DE02BB65859002D1AE9 /* AppDelegate.swift in Sources */,
				148C7E172BB66054002D1AE9 /* Repo.swift in Sources */,
				148C7E142BB6588B002D1AE9 /* UserModel.swift in Sources */,
				148C7DE22BB65859002D1AE9 /* SceneDelegate.swift in Sources */,
			);
			runOnlyForDeploymentPostprocessing = 0;
		};
		148C7DEE2BB6585A002D1AE9 /* Sources */ = {
			isa = PBXSourcesBuildPhase;
			buildActionMask = 2147483647;
			files = (
				148C7DF72BB6585A002D1AE9 /* ApiTestTests.swift in Sources */,
			);
			runOnlyForDeploymentPostprocessing = 0;
		};
		148C7DF82BB6585A002D1AE9 /* Sources */ = {
			isa = PBXSourcesBuildPhase;
			buildActionMask = 2147483647;
			files = (
				148C7E012BB6585A002D1AE9 /* ApiTestUITests.swift in Sources */,
				148C7E032BB6585A002D1AE9 /* ApiTestUITestsLaunchTests.swift in Sources */,
			);
			runOnlyForDeploymentPostprocessing = 0;
		};
/* End PBXSourcesBuildPhase section */

/* Begin PBXTargetDependency section */
		148C7DF42BB6585A002D1AE9 /* PBXTargetDependency */ = {
			isa = PBXTargetDependency;
			target = 148C7DDB2BB65859002D1AE9 /* GithubProfile */;
			targetProxy = 148C7DF32BB6585A002D1AE9 /* PBXContainerItemProxy */;
		};
		148C7DFE2BB6585A002D1AE9 /* PBXTargetDependency */ = {
			isa = PBXTargetDependency;
			target = 148C7DDB2BB65859002D1AE9 /* GithubProfile */;
			targetProxy = 148C7DFD2BB6585A002D1AE9 /* PBXContainerItemProxy */;
		};
/* End PBXTargetDependency section */

/* Begin PBXVariantGroup section */
		148C7DE52BB65859002D1AE9 /* Main.storyboard */ = {
			isa = PBXVariantGroup;
			children = (
				148C7DE62BB65859002D1AE9 /* Base */,
			);
			name = Main.storyboard;
			path = GithubProfile/ViewController;
			sourceTree = SOURCE_ROOT;
		};
		148C7DEA2BB6585A002D1AE9 /* LaunchScreen.storyboard */ = {
			isa = PBXVariantGroup;
			children = (
				148C7DEB2BB6585A002D1AE9 /* Base */,
			);
			name = LaunchScreen.storyboard;
			sourceTree = "<group>";
		};
/* End PBXVariantGroup section */

/* Begin XCBuildConfiguration section */
		148C7E042BB6585A002D1AE9 /* Debug */ = {
			isa = XCBuildConfiguration;
			buildSettings = {
				ALWAYS_SEARCH_USER_PATHS = NO;
				ASSETCATALOG_COMPILER_GENERATE_SWIFT_ASSET_SYMBOL_EXTENSIONS = YES;
				CLANG_ANALYZER_NONNULL = YES;
				CLANG_ANALYZER_NUMBER_OBJECT_CONVERSION = YES_AGGRESSIVE;
				CLANG_CXX_LANGUAGE_STANDARD = "gnu++20";
				CLANG_ENABLE_MODULES = YES;
				CLANG_ENABLE_OBJC_ARC = YES;
				CLANG_ENABLE_OBJC_WEAK = YES;
				CLANG_WARN_BLOCK_CAPTURE_AUTORELEASING = YES;
				CLANG_WARN_BOOL_CONVERSION = YES;
				CLANG_WARN_COMMA = YES;
				CLANG_WARN_CONSTANT_CONVERSION = YES;
				CLANG_WARN_DEPRECATED_OBJC_IMPLEMENTATIONS = YES;
				CLANG_WARN_DIRECT_OBJC_ISA_USAGE = YES_ERROR;
				CLANG_WARN_DOCUMENTATION_COMMENTS = YES;
				CLANG_WARN_EMPTY_BODY = YES;
				CLANG_WARN_ENUM_CONVERSION = YES;
				CLANG_WARN_INFINITE_RECURSION = YES;
				CLANG_WARN_INT_CONVERSION = YES;
				CLANG_WARN_NON_LITERAL_NULL_CONVERSION = YES;
				CLANG_WARN_OBJC_IMPLICIT_RETAIN_SELF = YES;
				CLANG_WARN_OBJC_LITERAL_CONVERSION = YES;
				CLANG_WARN_OBJC_ROOT_CLASS = YES_ERROR;
				CLANG_WARN_QUOTED_INCLUDE_IN_FRAMEWORK_HEADER = YES;
				CLANG_WARN_RANGE_LOOP_ANALYSIS = YES;
				CLANG_WARN_STRICT_PROTOTYPES = YES;
				CLANG_WARN_SUSPICIOUS_MOVE = YES;
				CLANG_WARN_UNGUARDED_AVAILABILITY = YES_AGGRESSIVE;
				CLANG_WARN_UNREACHABLE_CODE = YES;
				CLANG_WARN__DUPLICATE_METHOD_MATCH = YES;
				COPY_PHASE_STRIP = NO;
				DEBUG_INFORMATION_FORMAT = dwarf;
				ENABLE_STRICT_OBJC_MSGSEND = YES;
				ENABLE_TESTABILITY = YES;
				ENABLE_USER_SCRIPT_SANDBOXING = YES;
				GCC_C_LANGUAGE_STANDARD = gnu17;
				GCC_DYNAMIC_NO_PIC = NO;
				GCC_NO_COMMON_BLOCKS = YES;
				GCC_OPTIMIZATION_LEVEL = 0;
				GCC_PREPROCESSOR_DEFINITIONS = (
					"DEBUG=1",
					"$(inherited)",
				);
				GCC_WARN_64_TO_32_BIT_CONVERSION = YES;
				GCC_WARN_ABOUT_RETURN_TYPE = YES_ERROR;
				GCC_WARN_UNDECLARED_SELECTOR = YES;
				GCC_WARN_UNINITIALIZED_AUTOS = YES_AGGRESSIVE;
				GCC_WARN_UNUSED_FUNCTION = YES;
				GCC_WARN_UNUSED_VARIABLE = YES;
				IPHONEOS_DEPLOYMENT_TARGET = 17.4;
				LOCALIZATION_PREFERS_STRING_CATALOGS = YES;
				MTL_ENABLE_DEBUG_INFO = INCLUDE_SOURCE;
				MTL_FAST_MATH = YES;
				ONLY_ACTIVE_ARCH = YES;
				SDKROOT = iphoneos;
				SWIFT_ACTIVE_COMPILATION_CONDITIONS = "DEBUG $(inherited)";
				SWIFT_OPTIMIZATION_LEVEL = "-Onone";
			};
			name = Debug;
		};
		148C7E052BB6585A002D1AE9 /* Release */ = {
			isa = XCBuildConfiguration;
			buildSettings = {
				ALWAYS_SEARCH_USER_PATHS = NO;
				ASSETCATALOG_COMPILER_GENERATE_SWIFT_ASSET_SYMBOL_EXTENSIONS = YES;
				CLANG_ANALYZER_NONNULL = YES;
				CLANG_ANALYZER_NUMBER_OBJECT_CONVERSION = YES_AGGRESSIVE;
				CLANG_CXX_LANGUAGE_STANDARD = "gnu++20";
				CLANG_ENABLE_MODULES = YES;
				CLANG_ENABLE_OBJC_ARC = YES;
				CLANG_ENABLE_OBJC_WEAK = YES;
				CLANG_WARN_BLOCK_CAPTURE_AUTORELEASING = YES;
				CLANG_WARN_BOOL_CONVERSION = YES;
				CLANG_WARN_COMMA = YES;
				CLANG_WARN_CONSTANT_CONVERSION = YES;
				CLANG_WARN_DEPRECATED_OBJC_IMPLEMENTATIONS = YES;
				CLANG_WARN_DIRECT_OBJC_ISA_USAGE = YES_ERROR;
				CLANG_WARN_DOCUMENTATION_COMMENTS = YES;
				CLANG_WARN_EMPTY_BODY = YES;
				CLANG_WARN_ENUM_CONVERSION = YES;
				CLANG_WARN_INFINITE_RECURSION = YES;
				CLANG_WARN_INT_CONVERSION = YES;
				CLANG_WARN_NON_LITERAL_NULL_CONVERSION = YES;
				CLANG_WARN_OBJC_IMPLICIT_RETAIN_SELF = YES;
				CLANG_WARN_OBJC_LITERAL_CONVERSION = YES;
				CLANG_WARN_OBJC_ROOT_CLASS = YES_ERROR;
				CLANG_WARN_QUOTED_INCLUDE_IN_FRAMEWORK_HEADER = YES;
				CLANG_WARN_RANGE_LOOP_ANALYSIS = YES;
				CLANG_WARN_STRICT_PROTOTYPES = YES;
				CLANG_WARN_SUSPICIOUS_MOVE = YES;
				CLANG_WARN_UNGUARDED_AVAILABILITY = YES_AGGRESSIVE;
				CLANG_WARN_UNREACHABLE_CODE = YES;
				CLANG_WARN__DUPLICATE_METHOD_MATCH = YES;
				COPY_PHASE_STRIP = NO;
				DEBUG_INFORMATION_FORMAT = "dwarf-with-dsym";
				ENABLE_NS_ASSERTIONS = NO;
				ENABLE_STRICT_OBJC_MSGSEND = YES;
				ENABLE_USER_SCRIPT_SANDBOXING = YES;
				GCC_C_LANGUAGE_STANDARD = gnu17;
				GCC_NO_COMMON_BLOCKS = YES;
				GCC_WARN_64_TO_32_BIT_CONVERSION = YES;
				GCC_WARN_ABOUT_RETURN_TYPE = YES_ERROR;
				GCC_WARN_UNDECLARED_SELECTOR = YES;
				GCC_WARN_UNINITIALIZED_AUTOS = YES_AGGRESSIVE;
				GCC_WARN_UNUSED_FUNCTION = YES;
				GCC_WARN_UNUSED_VARIABLE = YES;
				IPHONEOS_DEPLOYMENT_TARGET = 17.4;
				LOCALIZATION_PREFERS_STRING_CATALOGS = YES;
				MTL_ENABLE_DEBUG_INFO = NO;
				MTL_FAST_MATH = YES;
				SDKROOT = iphoneos;
				SWIFT_COMPILATION_MODE = wholemodule;
				VALIDATE_PRODUCT = YES;
			};
			name = Release;
		};
		148C7E072BB6585A002D1AE9 /* Debug */ = {
			isa = XCBuildConfiguration;
			baseConfigurationReference = 1470DF7F2BBCE0E100BD8301 /* Config.xcconfig */;
			buildSettings = {
				ASSETCATALOG_COMPILER_APPICON_NAME = AppIcon;
				ASSETCATALOG_COMPILER_GLOBAL_ACCENT_COLOR_NAME = AccentColor;
				CODE_SIGN_STYLE = Automatic;
				CURRENT_PROJECT_VERSION = 1;
				DEVELOPMENT_TEAM = 27X8924SNC;
				GENERATE_INFOPLIST_FILE = YES;
				INFOPLIST_FILE = GithubProfile/Info.plist;
				INFOPLIST_KEY_UIApplicationSupportsIndirectInputEvents = YES;
				INFOPLIST_KEY_UILaunchStoryboardName = LaunchScreen;
				INFOPLIST_KEY_UIMainStoryboardFile = Main;
				INFOPLIST_KEY_UISupportedInterfaceOrientations_iPad = "UIInterfaceOrientationPortrait UIInterfaceOrientationPortraitUpsideDown UIInterfaceOrientationLandscapeLeft UIInterfaceOrientationLandscapeRight";
				INFOPLIST_KEY_UISupportedInterfaceOrientations_iPhone = "UIInterfaceOrientationPortrait UIInterfaceOrientationLandscapeLeft UIInterfaceOrientationLandscapeRight";
				IPHONEOS_DEPLOYMENT_TARGET = 15.0;
				LD_RUNPATH_SEARCH_PATHS = (
					"$(inherited)",
					"@executable_path/Frameworks",
				);
				MARKETING_VERSION = 1.0;
				PRODUCT_BUNDLE_IDENTIFIER = com.Seungwon.ApiTest;
				PRODUCT_NAME = "$(TARGET_NAME)";
				SWIFT_EMIT_LOC_STRINGS = YES;
				SWIFT_VERSION = 5.0;
				TARGETED_DEVICE_FAMILY = "1,2";
			};
			name = Debug;
		};
		148C7E082BB6585A002D1AE9 /* Release */ = {
			isa = XCBuildConfiguration;
			baseConfigurationReference = 1470DF7F2BBCE0E100BD8301 /* Config.xcconfig */;
			buildSettings = {
				ASSETCATALOG_COMPILER_APPICON_NAME = AppIcon;
				ASSETCATALOG_COMPILER_GLOBAL_ACCENT_COLOR_NAME = AccentColor;
				CODE_SIGN_STYLE = Automatic;
				CURRENT_PROJECT_VERSION = 1;
				DEVELOPMENT_TEAM = 27X8924SNC;
				GENERATE_INFOPLIST_FILE = YES;
				INFOPLIST_FILE = GithubProfile/Info.plist;
				INFOPLIST_KEY_UIApplicationSupportsIndirectInputEvents = YES;
				INFOPLIST_KEY_UILaunchStoryboardName = LaunchScreen;
				INFOPLIST_KEY_UIMainStoryboardFile = Main;
				INFOPLIST_KEY_UISupportedInterfaceOrientations_iPad = "UIInterfaceOrientationPortrait UIInterfaceOrientationPortraitUpsideDown UIInterfaceOrientationLandscapeLeft UIInterfaceOrientationLandscapeRight";
				INFOPLIST_KEY_UISupportedInterfaceOrientations_iPhone = "UIInterfaceOrientationPortrait UIInterfaceOrientationLandscapeLeft UIInterfaceOrientationLandscapeRight";
				IPHONEOS_DEPLOYMENT_TARGET = 15.0;
				LD_RUNPATH_SEARCH_PATHS = (
					"$(inherited)",
					"@executable_path/Frameworks",
				);
				MARKETING_VERSION = 1.0;
				PRODUCT_BUNDLE_IDENTIFIER = com.Seungwon.ApiTest;
				PRODUCT_NAME = "$(TARGET_NAME)";
				SWIFT_EMIT_LOC_STRINGS = YES;
				SWIFT_VERSION = 5.0;
				TARGETED_DEVICE_FAMILY = "1,2";
			};
			name = Release;
		};
		148C7E0A2BB6585A002D1AE9 /* Debug */ = {
			isa = XCBuildConfiguration;
			buildSettings = {
				ALWAYS_EMBED_SWIFT_STANDARD_LIBRARIES = YES;
				BUNDLE_LOADER = "$(TEST_HOST)";
				CODE_SIGN_STYLE = Automatic;
				CURRENT_PROJECT_VERSION = 1;
				DEVELOPMENT_TEAM = 27X8924SNC;
				GENERATE_INFOPLIST_FILE = YES;
				IPHONEOS_DEPLOYMENT_TARGET = 17.4;
				MARKETING_VERSION = 1.0;
				PRODUCT_BUNDLE_IDENTIFIER = com.Seungwon.ApiTestTests;
				PRODUCT_NAME = "$(TARGET_NAME)";
				SWIFT_EMIT_LOC_STRINGS = NO;
				SWIFT_VERSION = 5.0;
				TARGETED_DEVICE_FAMILY = "1,2";
				TEST_HOST = "$(BUILT_PRODUCTS_DIR)/GithubProfile.app/$(BUNDLE_EXECUTABLE_FOLDER_PATH)/GithubProfile";
			};
			name = Debug;
		};
		148C7E0B2BB6585A002D1AE9 /* Release */ = {
			isa = XCBuildConfiguration;
			buildSettings = {
				ALWAYS_EMBED_SWIFT_STANDARD_LIBRARIES = YES;
				BUNDLE_LOADER = "$(TEST_HOST)";
				CODE_SIGN_STYLE = Automatic;
				CURRENT_PROJECT_VERSION = 1;
				DEVELOPMENT_TEAM = 27X8924SNC;
				GENERATE_INFOPLIST_FILE = YES;
				IPHONEOS_DEPLOYMENT_TARGET = 17.4;
				MARKETING_VERSION = 1.0;
				PRODUCT_BUNDLE_IDENTIFIER = com.Seungwon.ApiTestTests;
				PRODUCT_NAME = "$(TARGET_NAME)";
				SWIFT_EMIT_LOC_STRINGS = NO;
				SWIFT_VERSION = 5.0;
				TARGETED_DEVICE_FAMILY = "1,2";
				TEST_HOST = "$(BUILT_PRODUCTS_DIR)/GithubProfile.app/$(BUNDLE_EXECUTABLE_FOLDER_PATH)/GithubProfile";
			};
			name = Release;
		};
		148C7E0D2BB6585A002D1AE9 /* Debug */ = {
			isa = XCBuildConfiguration;
			buildSettings = {
				ALWAYS_EMBED_SWIFT_STANDARD_LIBRARIES = YES;
				CODE_SIGN_STYLE = Automatic;
				CURRENT_PROJECT_VERSION = 1;
				DEVELOPMENT_TEAM = 27X8924SNC;
				GENERATE_INFOPLIST_FILE = YES;
				MARKETING_VERSION = 1.0;
				PRODUCT_BUNDLE_IDENTIFIER = com.Seungwon.ApiTestUITests;
				PRODUCT_NAME = "$(TARGET_NAME)";
				SWIFT_EMIT_LOC_STRINGS = NO;
				SWIFT_VERSION = 5.0;
				TARGETED_DEVICE_FAMILY = "1,2";
				TEST_TARGET_NAME = ApiTest;
			};
			name = Debug;
		};
		148C7E0E2BB6585A002D1AE9 /* Release */ = {
			isa = XCBuildConfiguration;
			buildSettings = {
				ALWAYS_EMBED_SWIFT_STANDARD_LIBRARIES = YES;
				CODE_SIGN_STYLE = Automatic;
				CURRENT_PROJECT_VERSION = 1;
				DEVELOPMENT_TEAM = 27X8924SNC;
				GENERATE_INFOPLIST_FILE = YES;
				MARKETING_VERSION = 1.0;
				PRODUCT_BUNDLE_IDENTIFIER = com.Seungwon.ApiTestUITests;
				PRODUCT_NAME = "$(TARGET_NAME)";
				SWIFT_EMIT_LOC_STRINGS = NO;
				SWIFT_VERSION = 5.0;
				TARGETED_DEVICE_FAMILY = "1,2";
				TEST_TARGET_NAME = ApiTest;
			};
			name = Release;
		};
/* End XCBuildConfiguration section */

/* Begin XCConfigurationList section */
		148C7DD72BB65859002D1AE9 /* Build configuration list for PBXProject "GithubProfile" */ = {
			isa = XCConfigurationList;
			buildConfigurations = (
				148C7E042BB6585A002D1AE9 /* Debug */,
				148C7E052BB6585A002D1AE9 /* Release */,
			);
			defaultConfigurationIsVisible = 0;
			defaultConfigurationName = Release;
		};
		148C7E062BB6585A002D1AE9 /* Build configuration list for PBXNativeTarget "GithubProfile" */ = {
			isa = XCConfigurationList;
			buildConfigurations = (
				148C7E072BB6585A002D1AE9 /* Debug */,
				148C7E082BB6585A002D1AE9 /* Release */,
			);
			defaultConfigurationIsVisible = 0;
			defaultConfigurationName = Release;
		};
		148C7E092BB6585A002D1AE9 /* Build configuration list for PBXNativeTarget "GithubProfileTests" */ = {
			isa = XCConfigurationList;
			buildConfigurations = (
				148C7E0A2BB6585A002D1AE9 /* Debug */,
				148C7E0B2BB6585A002D1AE9 /* Release */,
			);
			defaultConfigurationIsVisible = 0;
			defaultConfigurationName = Release;
		};
		148C7E0C2BB6585A002D1AE9 /* Build configuration list for PBXNativeTarget "GithubProfileUITests" */ = {
			isa = XCConfigurationList;
			buildConfigurations = (
				148C7E0D2BB6585A002D1AE9 /* Debug */,
				148C7E0E2BB6585A002D1AE9 /* Release */,
			);
			defaultConfigurationIsVisible = 0;
			defaultConfigurationName = Release;
		};
/* End XCConfigurationList section */

/* Begin XCRemoteSwiftPackageReference section */
		145486B32BBD9E7900720B31 /* XCRemoteSwiftPackageReference "Kingfisher" */ = {
			isa = XCRemoteSwiftPackageReference;
			repositoryURL = "https://github.com/onevcat/Kingfisher.git";
			requirement = {
				kind = upToNextMajorVersion;
				minimumVersion = 7.11.0;
			};
		};
		14A661F92BB9577800706860 /* XCRemoteSwiftPackageReference "Alamofire" */ = {
			isa = XCRemoteSwiftPackageReference;
			repositoryURL = "https://github.com/Alamofire/Alamofire";
			requirement = {
				kind = upToNextMajorVersion;
				minimumVersion = 5.9.1;
			};
		};
/* End XCRemoteSwiftPackageReference section */

/* Begin XCSwiftPackageProductDependency section */
		145486B42BBD9E7900720B31 /* Kingfisher */ = {
			isa = XCSwiftPackageProductDependency;
			package = 145486B32BBD9E7900720B31 /* XCRemoteSwiftPackageReference "Kingfisher" */;
			productName = Kingfisher;
		};
		14A661FA2BB9577800706860 /* Alamofire */ = {
			isa = XCSwiftPackageProductDependency;
			package = 14A661F92BB9577800706860 /* XCRemoteSwiftPackageReference "Alamofire" */;
			productName = Alamofire;
		};
		14A661FC2BB9577800706860 /* AlamofireDynamic */ = {
			isa = XCSwiftPackageProductDependency;
			package = 14A661F92BB9577800706860 /* XCRemoteSwiftPackageReference "Alamofire" */;
			productName = AlamofireDynamic;
		};
/* End XCSwiftPackageProductDependency section */
	};
	rootObject = 148C7DD42BB65859002D1AE9 /* Project object */;
}
